// !$*UTF8*$!
{
	archiveVersion = 1;
	classes = {
	};
	objectVersion = 46;
	objects = {

/* Begin PBXBuildFile section */
		EF09019F1C56373000412241 /* article_author.png in Resources */ = {isa = PBXBuildFile; fileRef = EF0901681C56373000412241 /* article_author.png */; };
		EF0901A01C56373000412241 /* article_author@2x.png in Resources */ = {isa = PBXBuildFile; fileRef = EF0901691C56373000412241 /* article_author@2x.png */; };
		EF0901A11C56373000412241 /* article_author@3x.png in Resources */ = {isa = PBXBuildFile; fileRef = EF09016A1C56373000412241 /* article_author@3x.png */; };
		EF0901A21C56373000412241 /* article_close.png in Resources */ = {isa = PBXBuildFile; fileRef = EF09016B1C56373000412241 /* article_close.png */; };
		EF0901A31C56373000412241 /* article_close@2x.png in Resources */ = {isa = PBXBuildFile; fileRef = EF09016C1C56373000412241 /* article_close@2x.png */; };
		EF0901A41C56373000412241 /* article_close@3x.png in Resources */ = {isa = PBXBuildFile; fileRef = EF09016D1C56373000412241 /* article_close@3x.png */; };
		EF0901A51C56373000412241 /* article_menu.png in Resources */ = {isa = PBXBuildFile; fileRef = EF09016E1C56373000412241 /* article_menu.png */; };
		EF0901A61C56373000412241 /* article_menu@2x.png in Resources */ = {isa = PBXBuildFile; fileRef = EF09016F1C56373000412241 /* article_menu@2x.png */; };
		EF0901A71C56373000412241 /* article_menu@3x.png in Resources */ = {isa = PBXBuildFile; fileRef = EF0901701C56373000412241 /* article_menu@3x.png */; };
		EF0901A81C56373000412241 /* nav_alpha_image.png in Resources */ = {isa = PBXBuildFile; fileRef = EF0901721C56373000412241 /* nav_alpha_image.png */; };
		EF0901A91C56373000412241 /* nav_alpha_image@2x.png in Resources */ = {isa = PBXBuildFile; fileRef = EF0901731C56373000412241 /* nav_alpha_image@2x.png */; };
		EF0901AA1C56373000412241 /* nav_alpha_image@3x.png in Resources */ = {isa = PBXBuildFile; fileRef = EF0901741C56373000412241 /* nav_alpha_image@3x.png */; };
		EF0901AB1C56373000412241 /* nav_icon_back.png in Resources */ = {isa = PBXBuildFile; fileRef = EF0901751C56373000412241 /* nav_icon_back.png */; };
		EF0901AC1C56373000412241 /* nav_icon_back@2x.png in Resources */ = {isa = PBXBuildFile; fileRef = EF0901761C56373000412241 /* nav_icon_back@2x.png */; };
		EF0901AD1C56373000412241 /* nav_icon_back@3x.png in Resources */ = {isa = PBXBuildFile; fileRef = EF0901771C56373000412241 /* nav_icon_back@3x.png */; };
		EF0901AE1C56373000412241 /* ready_refresh_icon.png in Resources */ = {isa = PBXBuildFile; fileRef = EF0901791C56373000412241 /* ready_refresh_icon.png */; };
		EF0901AF1C56373000412241 /* ready_refresh_icon@2x.png in Resources */ = {isa = PBXBuildFile; fileRef = EF09017A1C56373000412241 /* ready_refresh_icon@2x.png */; };
		EF0901B01C56373000412241 /* ready_refresh_icon@3x.png in Resources */ = {isa = PBXBuildFile; fileRef = EF09017B1C56373000412241 /* ready_refresh_icon@3x.png */; };
		EF0901B11C56373000412241 /* refresh_success.png in Resources */ = {isa = PBXBuildFile; fileRef = EF09017C1C56373000412241 /* refresh_success.png */; };
		EF0901B21C56373000412241 /* refresh_success@2x.png in Resources */ = {isa = PBXBuildFile; fileRef = EF09017D1C56373000412241 /* refresh_success@2x.png */; };
		EF0901B31C56373000412241 /* refresh_success@3x.png in Resources */ = {isa = PBXBuildFile; fileRef = EF09017E1C56373000412241 /* refresh_success@3x.png */; };
		EF0901B41C56373000412241 /* share_collect.png in Resources */ = {isa = PBXBuildFile; fileRef = EF0901801C56373000412241 /* share_collect.png */; };
		EF0901B51C56373000412241 /* share_collect@2x.png in Resources */ = {isa = PBXBuildFile; fileRef = EF0901811C56373000412241 /* share_collect@2x.png */; };
		EF0901B61C56373000412241 /* share_collect@3x.png in Resources */ = {isa = PBXBuildFile; fileRef = EF0901821C56373000412241 /* share_collect@3x.png */; };
		EF0901B71C56373000412241 /* share_friend.png in Resources */ = {isa = PBXBuildFile; fileRef = EF0901831C56373000412241 /* share_friend.png */; };
		EF0901B81C56373000412241 /* share_friend@2x.png in Resources */ = {isa = PBXBuildFile; fileRef = EF0901841C56373000412241 /* share_friend@2x.png */; };
		EF0901B91C56373000412241 /* share_friend@3x.png in Resources */ = {isa = PBXBuildFile; fileRef = EF0901851C56373000412241 /* share_friend@3x.png */; };
		EF0901BA1C56373000412241 /* share_sina.png in Resources */ = {isa = PBXBuildFile; fileRef = EF0901861C56373000412241 /* share_sina.png */; };
		EF0901BB1C56373000412241 /* share_sina@2x.png in Resources */ = {isa = PBXBuildFile; fileRef = EF0901871C56373000412241 /* share_sina@2x.png */; };
		EF0901BC1C56373000412241 /* share_sina@3x.png in Resources */ = {isa = PBXBuildFile; fileRef = EF0901881C56373000412241 /* share_sina@3x.png */; };
		EF0901BD1C56373000412241 /* share_wechat.png in Resources */ = {isa = PBXBuildFile; fileRef = EF0901891C56373000412241 /* share_wechat.png */; };
		EF0901BE1C56373000412241 /* share_wechat@2x.png in Resources */ = {isa = PBXBuildFile; fileRef = EF09018A1C56373000412241 /* share_wechat@2x.png */; };
		EF0901BF1C56373000412241 /* share_wechat@3x.png in Resources */ = {isa = PBXBuildFile; fileRef = EF09018B1C56373000412241 /* share_wechat@3x.png */; };
		EF0901C01C56373000412241 /* tab_blog.png in Resources */ = {isa = PBXBuildFile; fileRef = EF09018D1C56373000412241 /* tab_blog.png */; };
		EF0901C11C56373000412241 /* tab_blog@2x.png in Resources */ = {isa = PBXBuildFile; fileRef = EF09018E1C56373000412241 /* tab_blog@2x.png */; };
		EF0901C21C56373000412241 /* tab_blog@3x.png in Resources */ = {isa = PBXBuildFile; fileRef = EF09018F1C56373000412241 /* tab_blog@3x.png */; };
		EF0901C31C56373000412241 /* tab_blog_hl.png in Resources */ = {isa = PBXBuildFile; fileRef = EF0901901C56373000412241 /* tab_blog_hl.png */; };
		EF0901C41C56373000412241 /* tab_blog_hl@2x.png in Resources */ = {isa = PBXBuildFile; fileRef = EF0901911C56373000412241 /* tab_blog_hl@2x.png */; };
		EF0901C51C56373000412241 /* tab_blog_hl@3x.png in Resources */ = {isa = PBXBuildFile; fileRef = EF0901921C56373000412241 /* tab_blog_hl@3x.png */; };
		EF0901C61C56373000412241 /* tab_category.png in Resources */ = {isa = PBXBuildFile; fileRef = EF0901931C56373000412241 /* tab_category.png */; };
		EF0901C71C56373000412241 /* tab_category@2x.png in Resources */ = {isa = PBXBuildFile; fileRef = EF0901941C56373000412241 /* tab_category@2x.png */; };
		EF0901C81C56373000412241 /* tab_category@3x.png in Resources */ = {isa = PBXBuildFile; fileRef = EF0901951C56373000412241 /* tab_category@3x.png */; };
		EF0901C91C56373000412241 /* tab_category_hl.png in Resources */ = {isa = PBXBuildFile; fileRef = EF0901961C56373000412241 /* tab_category_hl.png */; };
		EF0901CA1C56373000412241 /* tab_category_hl@2x.png in Resources */ = {isa = PBXBuildFile; fileRef = EF0901971C56373000412241 /* tab_category_hl@2x.png */; };
		EF0901CB1C56373000412241 /* tab_category_hl@3x.png in Resources */ = {isa = PBXBuildFile; fileRef = EF0901981C56373000412241 /* tab_category_hl@3x.png */; };
		EF0901CC1C56373000412241 /* tab_me_icon.png in Resources */ = {isa = PBXBuildFile; fileRef = EF0901991C56373000412241 /* tab_me_icon.png */; };
		EF0901CD1C56373000412241 /* tab_me_icon@2x.png in Resources */ = {isa = PBXBuildFile; fileRef = EF09019A1C56373000412241 /* tab_me_icon@2x.png */; };
		EF0901CE1C56373000412241 /* tab_me_icon@3x.png in Resources */ = {isa = PBXBuildFile; fileRef = EF09019B1C56373000412241 /* tab_me_icon@3x.png */; };
		EF0901CF1C56373000412241 /* tab_me_icon_hl.png in Resources */ = {isa = PBXBuildFile; fileRef = EF09019C1C56373000412241 /* tab_me_icon_hl.png */; };
		EF0901D01C56373000412241 /* tab_me_icon_hl@2x.png in Resources */ = {isa = PBXBuildFile; fileRef = EF09019D1C56373000412241 /* tab_me_icon_hl@2x.png */; };
		EF0901D11C56373000412241 /* tab_me_icon_hl@3x.png in Resources */ = {isa = PBXBuildFile; fileRef = EF09019E1C56373000412241 /* tab_me_icon_hl@3x.png */; };
		EF3AF65A1C4A44F00043B488 /* MBProgressHUD.m in Sources */ = {isa = PBXBuildFile; fileRef = EF3AF6591C4A44F00043B488 /* MBProgressHUD.m */; };
		EF3B7E491CD2E98500834790 /* LXDBlogController.m in Sources */ = {isa = PBXBuildFile; fileRef = EF3B7E0E1CD2E98500834790 /* LXDBlogController.m */; };
		EF3B7E4A1CD2E98500834790 /* LXDBlogCell.m in Sources */ = {isa = PBXBuildFile; fileRef = EF3B7E111CD2E98500834790 /* LXDBlogCell.m */; };
		EF3B7E4B1CD2E98500834790 /* NSArray+LXDFilter.m in Sources */ = {isa = PBXBuildFile; fileRef = EF3B7E141CD2E98500834790 /* NSArray+LXDFilter.m */; };
		EF3B7E4C1CD2E98500834790 /* NSString+LXDVaild.m in Sources */ = {isa = PBXBuildFile; fileRef = EF3B7E161CD2E98500834790 /* NSString+LXDVaild.m */; };
		EF3B7E4D1CD2E98500834790 /* UIColor+LXDNumberToColor.m in Sources */ = {isa = PBXBuildFile; fileRef = EF3B7E181CD2E98500834790 /* UIColor+LXDNumberToColor.m */; };
		EF3B7E4E1CD2E98500834790 /* UIFont+LXDAdjustFont.m in Sources */ = {isa = PBXBuildFile; fileRef = EF3B7E1A1CD2E98500834790 /* UIFont+LXDAdjustFont.m */; };
		EF3B7E4F1CD2E98500834790 /* UIImage+LXDRoundRectImage.m in Sources */ = {isa = PBXBuildFile; fileRef = EF3B7E1C1CD2E98500834790 /* UIImage+LXDRoundRectImage.m */; };
		EF3B7E501CD2E98500834790 /* UIView+LXDEasyFrame.m in Sources */ = {isa = PBXBuildFile; fileRef = EF3B7E1E1CD2E98500834790 /* UIView+LXDEasyFrame.m */; };
		EF3B7E511CD2E98500834790 /* LineBackgroundView.m in Sources */ = {isa = PBXBuildFile; fileRef = EF3B7E211CD2E98500834790 /* LineBackgroundView.m */; };
		EF3B7E521CD2E98500834790 /* LXDAlphaNavigationController.m in Sources */ = {isa = PBXBuildFile; fileRef = EF3B7E231CD2E98500834790 /* LXDAlphaNavigationController.m */; };
		EF3B7E531CD2E98500834790 /* LXDRefreshView.m in Sources */ = {isa = PBXBuildFile; fileRef = EF3B7E251CD2E98500834790 /* LXDRefreshView.m */; };
		EF3B7E541CD2E98500834790 /* LXDShadowAlertView.m in Sources */ = {isa = PBXBuildFile; fileRef = EF3B7E271CD2E98500834790 /* LXDShadowAlertView.m */; };
		EF3B7E551CD2E98500834790 /* LXDFamousController.m in Sources */ = {isa = PBXBuildFile; fileRef = EF3B7E2B1CD2E98500834790 /* LXDFamousController.m */; };
		EF3B7E561CD2E98500834790 /* LXDGroupController.m in Sources */ = {isa = PBXBuildFile; fileRef = EF3B7E2F1CD2E98500834790 /* LXDGroupController.m */; };
		EF3B7E571CD2E98500834790 /* LXDGroupLayout.m in Sources */ = {isa = PBXBuildFile; fileRef = EF3B7E321CD2E98500834790 /* LXDGroupLayout.m */; };
		EF3B7E581CD2E98500834790 /* LXDGroupArticleCell.m in Sources */ = {isa = PBXBuildFile; fileRef = EF3B7E351CD2E98500834790 /* LXDGroupArticleCell.m */; };
		EF3B7E591CD2E98500834790 /* LXDGroupCell.m in Sources */ = {isa = PBXBuildFile; fileRef = EF3B7E371CD2E98500834790 /* LXDGroupCell.m */; };
		EF3B7E5A1CD2E98500834790 /* LXDSnapView.m in Sources */ = {isa = PBXBuildFile; fileRef = EF3B7E391CD2E98500834790 /* LXDSnapView.m */; };
		EF3B7E5B1CD2E98500834790 /* LXDMainController.m in Sources */ = {isa = PBXBuildFile; fileRef = EF3B7E3D1CD2E98500834790 /* LXDMainController.m */; };
		EF3B7E5C1CD2E98500834790 /* LXDBlogRequester.m in Sources */ = {isa = PBXBuildFile; fileRef = EF3B7E401CD2E98500834790 /* LXDBlogRequester.m */; };
		EF3B7E5D1CD2E98500834790 /* LXDBaseTransitionAnimation.m in Sources */ = {isa = PBXBuildFile; fileRef = EF3B7E441CD2E98500834790 /* LXDBaseTransitionAnimation.m */; };
		EF3B7E5E1CD2E98500834790 /* LXDNavigationTransitionAnimation.m in Sources */ = {isa = PBXBuildFile; fileRef = EF3B7E461CD2E98500834790 /* LXDNavigationTransitionAnimation.m */; };
		EF3B7E5F1CD2E98500834790 /* LXDScaleTransitionAnimation.m in Sources */ = {isa = PBXBuildFile; fileRef = EF3B7E481CD2E98500834790 /* LXDScaleTransitionAnimation.m */; };
		EF3B7E641CD2EB6300834790 /* LXDQueue.m in Sources */ = {isa = PBXBuildFile; fileRef = EF3B7E631CD2EB6300834790 /* LXDQueue.m */; };
		EF3B7E781CD2EC8500834790 /* LXDArticleController.m in Sources */ = {isa = PBXBuildFile; fileRef = EF3B7E681CD2EC8500834790 /* LXDArticleController.m */; };
		EF3B7E791CD2EC8500834790 /* LXDArticle.m in Sources */ = {isa = PBXBuildFile; fileRef = EF3B7E6B1CD2EC8500834790 /* LXDArticle.m */; };
		EF3B7E7A1CD2EC8500834790 /* LXDArticleCompiler.m in Sources */ = {isa = PBXBuildFile; fileRef = EF3B7E6E1CD2EC8500834790 /* LXDArticleCompiler.m */; };
		EF3B7E7B1CD2EC8500834790 /* LXDArticleManager.m in Sources */ = {isa = PBXBuildFile; fileRef = EF3B7E701CD2EC8500834790 /* LXDArticleManager.m */; };
		EF3B7E7C1CD2EC8500834790 /* LXDArticleOperator.m in Sources */ = {isa = PBXBuildFile; fileRef = EF3B7E721CD2EC8500834790 /* LXDArticleOperator.m */; };
		EF3B7E7D1CD2EC8500834790 /* LXDArticleStorage.m in Sources */ = {isa = PBXBuildFile; fileRef = EF3B7E741CD2EC8500834790 /* LXDArticleStorage.m */; };
		EF3B7E7E1CD2EC8500834790 /* LXDRoundButton.m in Sources */ = {isa = PBXBuildFile; fileRef = EF3B7E771CD2EC8500834790 /* LXDRoundButton.m */; };
		EF3B7E811CD2F24F00834790 /* LXDLineBackgroundView.m in Sources */ = {isa = PBXBuildFile; fileRef = EF3B7E801CD2F24F00834790 /* LXDLineBackgroundView.m */; };
		EF3B7E841CD2F8EA00834790 /* UILabel+LXDDesignedInitializer.m in Sources */ = {isa = PBXBuildFile; fileRef = EF3B7E831CD2F8EA00834790 /* UILabel+LXDDesignedInitializer.m */; };
		EF3B7E891CD30DA200834790 /* LXDBaseController.m in Sources */ = {isa = PBXBuildFile; fileRef = EF3B7E881CD30DA200834790 /* LXDBaseController.m */; };
		EF3B7E8C1CD30E4100834790 /* LXDBaseTableViewController.m in Sources */ = {isa = PBXBuildFile; fileRef = EF3B7E8B1CD30E4100834790 /* LXDBaseTableViewController.m */; };
		EFD2D4ED1C44F8BA002E4646 /* Assets.xcassets in Resources */ = {isa = PBXBuildFile; fileRef = EFD2D4EC1C44F8BA002E4646 /* Assets.xcassets */; };
		EFE7B14B1C57198200640A2F /* Default-375w-667h@2x.png in Resources */ = {isa = PBXBuildFile; fileRef = EFE7B1461C57198200640A2F /* Default-375w-667h@2x.png */; };
		EFE7B14C1C57198200640A2F /* Default-424w-736h@3x.png in Resources */ = {isa = PBXBuildFile; fileRef = EFE7B1471C57198200640A2F /* Default-424w-736h@3x.png */; };
		EFE7B14D1C57198200640A2F /* Default-568h@2x.png in Resources */ = {isa = PBXBuildFile; fileRef = EFE7B1481C57198200640A2F /* Default-568h@2x.png */; };
		EFE7B14E1C57198200640A2F /* Default.png in Resources */ = {isa = PBXBuildFile; fileRef = EFE7B1491C57198200640A2F /* Default.png */; };
		EFE7B14F1C57198200640A2F /* Default@2x.png in Resources */ = {isa = PBXBuildFile; fileRef = EFE7B14A1C57198200640A2F /* Default@2x.png */; };
		EFEEDE9E1C43B3B100B2B2B2 /* main.m in Sources */ = {isa = PBXBuildFile; fileRef = EFEEDE9D1C43B3B100B2B2B2 /* main.m */; };
		EFEEDEA11C43B3B100B2B2B2 /* LXDAppDelegate.m in Sources */ = {isa = PBXBuildFile; fileRef = EFEEDEA01C43B3B100B2B2B2 /* LXDAppDelegate.m */; };
		EFEEDEA71C43B3B100B2B2B2 /* Main.storyboard in Resources */ = {isa = PBXBuildFile; fileRef = EFEEDEA51C43B3B100B2B2B2 /* Main.storyboard */; };
		EFEEDEAC1C43B3B100B2B2B2 /* LaunchScreen.storyboard in Resources */ = {isa = PBXBuildFile; fileRef = EFEEDEAA1C43B3B100B2B2B2 /* LaunchScreen.storyboard */; };
		EFEEDEB71C43B3B100B2B2B2 /* LXDPersonalBlogTests.m in Sources */ = {isa = PBXBuildFile; fileRef = EFEEDEB61C43B3B100B2B2B2 /* LXDPersonalBlogTests.m */; };
		EFEEDEC21C43B3B200B2B2B2 /* LXDPersonalBlogUITests.m in Sources */ = {isa = PBXBuildFile; fileRef = EFEEDEC11C43B3B200B2B2B2 /* LXDPersonalBlogUITests.m */; };
/* End PBXBuildFile section */

/* Begin PBXContainerItemProxy section */
		EFEEDEB31C43B3B100B2B2B2 /* PBXContainerItemProxy */ = {
			isa = PBXContainerItemProxy;
			containerPortal = EFEEDE911C43B3B100B2B2B2 /* Project object */;
			proxyType = 1;
			remoteGlobalIDString = EFEEDE981C43B3B100B2B2B2;
			remoteInfo = LXDPersonalBlog;
		};
		EFEEDEBE1C43B3B200B2B2B2 /* PBXContainerItemProxy */ = {
			isa = PBXContainerItemProxy;
			containerPortal = EFEEDE911C43B3B100B2B2B2 /* Project object */;
			proxyType = 1;
			remoteGlobalIDString = EFEEDE981C43B3B100B2B2B2;
			remoteInfo = LXDPersonalBlog;
		};
/* End PBXContainerItemProxy section */

/* Begin PBXFileReference section */
		EF0901681C56373000412241 /* article_author.png */ = {isa = PBXFileReference; lastKnownFileType = image.png; path = article_author.png; sourceTree = "<group>"; };
		EF0901691C56373000412241 /* article_author@2x.png */ = {isa = PBXFileReference; lastKnownFileType = image.png; path = "article_author@2x.png"; sourceTree = "<group>"; };
		EF09016A1C56373000412241 /* article_author@3x.png */ = {isa = PBXFileReference; lastKnownFileType = image.png; path = "article_author@3x.png"; sourceTree = "<group>"; };
		EF09016B1C56373000412241 /* article_close.png */ = {isa = PBXFileReference; lastKnownFileType = image.png; path = article_close.png; sourceTree = "<group>"; };
		EF09016C1C56373000412241 /* article_close@2x.png */ = {isa = PBXFileReference; lastKnownFileType = image.png; path = "article_close@2x.png"; sourceTree = "<group>"; };
		EF09016D1C56373000412241 /* article_close@3x.png */ = {isa = PBXFileReference; lastKnownFileType = image.png; path = "article_close@3x.png"; sourceTree = "<group>"; };
		EF09016E1C56373000412241 /* article_menu.png */ = {isa = PBXFileReference; lastKnownFileType = image.png; path = article_menu.png; sourceTree = "<group>"; };
		EF09016F1C56373000412241 /* article_menu@2x.png */ = {isa = PBXFileReference; lastKnownFileType = image.png; path = "article_menu@2x.png"; sourceTree = "<group>"; };
		EF0901701C56373000412241 /* article_menu@3x.png */ = {isa = PBXFileReference; lastKnownFileType = image.png; path = "article_menu@3x.png"; sourceTree = "<group>"; };
		EF0901721C56373000412241 /* nav_alpha_image.png */ = {isa = PBXFileReference; lastKnownFileType = image.png; path = nav_alpha_image.png; sourceTree = "<group>"; };
		EF0901731C56373000412241 /* nav_alpha_image@2x.png */ = {isa = PBXFileReference; lastKnownFileType = image.png; path = "nav_alpha_image@2x.png"; sourceTree = "<group>"; };
		EF0901741C56373000412241 /* nav_alpha_image@3x.png */ = {isa = PBXFileReference; lastKnownFileType = image.png; path = "nav_alpha_image@3x.png"; sourceTree = "<group>"; };
		EF0901751C56373000412241 /* nav_icon_back.png */ = {isa = PBXFileReference; lastKnownFileType = image.png; path = nav_icon_back.png; sourceTree = "<group>"; };
		EF0901761C56373000412241 /* nav_icon_back@2x.png */ = {isa = PBXFileReference; lastKnownFileType = image.png; path = "nav_icon_back@2x.png"; sourceTree = "<group>"; };
		EF0901771C56373000412241 /* nav_icon_back@3x.png */ = {isa = PBXFileReference; lastKnownFileType = image.png; path = "nav_icon_back@3x.png"; sourceTree = "<group>"; };
		EF0901791C56373000412241 /* ready_refresh_icon.png */ = {isa = PBXFileReference; lastKnownFileType = image.png; path = ready_refresh_icon.png; sourceTree = "<group>"; };
		EF09017A1C56373000412241 /* ready_refresh_icon@2x.png */ = {isa = PBXFileReference; lastKnownFileType = image.png; path = "ready_refresh_icon@2x.png"; sourceTree = "<group>"; };
		EF09017B1C56373000412241 /* ready_refresh_icon@3x.png */ = {isa = PBXFileReference; lastKnownFileType = image.png; path = "ready_refresh_icon@3x.png"; sourceTree = "<group>"; };
		EF09017C1C56373000412241 /* refresh_success.png */ = {isa = PBXFileReference; lastKnownFileType = image.png; path = refresh_success.png; sourceTree = "<group>"; };
		EF09017D1C56373000412241 /* refresh_success@2x.png */ = {isa = PBXFileReference; lastKnownFileType = image.png; path = "refresh_success@2x.png"; sourceTree = "<group>"; };
		EF09017E1C56373000412241 /* refresh_success@3x.png */ = {isa = PBXFileReference; lastKnownFileType = image.png; path = "refresh_success@3x.png"; sourceTree = "<group>"; };
		EF0901801C56373000412241 /* share_collect.png */ = {isa = PBXFileReference; lastKnownFileType = image.png; path = share_collect.png; sourceTree = "<group>"; };
		EF0901811C56373000412241 /* share_collect@2x.png */ = {isa = PBXFileReference; lastKnownFileType = image.png; path = "share_collect@2x.png"; sourceTree = "<group>"; };
		EF0901821C56373000412241 /* share_collect@3x.png */ = {isa = PBXFileReference; lastKnownFileType = image.png; path = "share_collect@3x.png"; sourceTree = "<group>"; };
		EF0901831C56373000412241 /* share_friend.png */ = {isa = PBXFileReference; lastKnownFileType = image.png; path = share_friend.png; sourceTree = "<group>"; };
		EF0901841C56373000412241 /* share_friend@2x.png */ = {isa = PBXFileReference; lastKnownFileType = image.png; path = "share_friend@2x.png"; sourceTree = "<group>"; };
		EF0901851C56373000412241 /* share_friend@3x.png */ = {isa = PBXFileReference; lastKnownFileType = image.png; path = "share_friend@3x.png"; sourceTree = "<group>"; };
		EF0901861C56373000412241 /* share_sina.png */ = {isa = PBXFileReference; lastKnownFileType = image.png; path = share_sina.png; sourceTree = "<group>"; };
		EF0901871C56373000412241 /* share_sina@2x.png */ = {isa = PBXFileReference; lastKnownFileType = image.png; path = "share_sina@2x.png"; sourceTree = "<group>"; };
		EF0901881C56373000412241 /* share_sina@3x.png */ = {isa = PBXFileReference; lastKnownFileType = image.png; path = "share_sina@3x.png"; sourceTree = "<group>"; };
		EF0901891C56373000412241 /* share_wechat.png */ = {isa = PBXFileReference; lastKnownFileType = image.png; path = share_wechat.png; sourceTree = "<group>"; };
		EF09018A1C56373000412241 /* share_wechat@2x.png */ = {isa = PBXFileReference; lastKnownFileType = image.png; path = "share_wechat@2x.png"; sourceTree = "<group>"; };
		EF09018B1C56373000412241 /* share_wechat@3x.png */ = {isa = PBXFileReference; lastKnownFileType = image.png; path = "share_wechat@3x.png"; sourceTree = "<group>"; };
		EF09018D1C56373000412241 /* tab_blog.png */ = {isa = PBXFileReference; lastKnownFileType = image.png; path = tab_blog.png; sourceTree = "<group>"; };
		EF09018E1C56373000412241 /* tab_blog@2x.png */ = {isa = PBXFileReference; lastKnownFileType = image.png; path = "tab_blog@2x.png"; sourceTree = "<group>"; };
		EF09018F1C56373000412241 /* tab_blog@3x.png */ = {isa = PBXFileReference; lastKnownFileType = image.png; path = "tab_blog@3x.png"; sourceTree = "<group>"; };
		EF0901901C56373000412241 /* tab_blog_hl.png */ = {isa = PBXFileReference; lastKnownFileType = image.png; path = tab_blog_hl.png; sourceTree = "<group>"; };
		EF0901911C56373000412241 /* tab_blog_hl@2x.png */ = {isa = PBXFileReference; lastKnownFileType = image.png; path = "tab_blog_hl@2x.png"; sourceTree = "<group>"; };
		EF0901921C56373000412241 /* tab_blog_hl@3x.png */ = {isa = PBXFileReference; lastKnownFileType = image.png; path = "tab_blog_hl@3x.png"; sourceTree = "<group>"; };
		EF0901931C56373000412241 /* tab_category.png */ = {isa = PBXFileReference; lastKnownFileType = image.png; path = tab_category.png; sourceTree = "<group>"; };
		EF0901941C56373000412241 /* tab_category@2x.png */ = {isa = PBXFileReference; lastKnownFileType = image.png; path = "tab_category@2x.png"; sourceTree = "<group>"; };
		EF0901951C56373000412241 /* tab_category@3x.png */ = {isa = PBXFileReference; lastKnownFileType = image.png; path = "tab_category@3x.png"; sourceTree = "<group>"; };
		EF0901961C56373000412241 /* tab_category_hl.png */ = {isa = PBXFileReference; lastKnownFileType = image.png; path = tab_category_hl.png; sourceTree = "<group>"; };
		EF0901971C56373000412241 /* tab_category_hl@2x.png */ = {isa = PBXFileReference; lastKnownFileType = image.png; path = "tab_category_hl@2x.png"; sourceTree = "<group>"; };
		EF0901981C56373000412241 /* tab_category_hl@3x.png */ = {isa = PBXFileReference; lastKnownFileType = image.png; path = "tab_category_hl@3x.png"; sourceTree = "<group>"; };
		EF0901991C56373000412241 /* tab_me_icon.png */ = {isa = PBXFileReference; lastKnownFileType = image.png; path = tab_me_icon.png; sourceTree = "<group>"; };
		EF09019A1C56373000412241 /* tab_me_icon@2x.png */ = {isa = PBXFileReference; lastKnownFileType = image.png; path = "tab_me_icon@2x.png"; sourceTree = "<group>"; };
		EF09019B1C56373000412241 /* tab_me_icon@3x.png */ = {isa = PBXFileReference; lastKnownFileType = image.png; path = "tab_me_icon@3x.png"; sourceTree = "<group>"; };
		EF09019C1C56373000412241 /* tab_me_icon_hl.png */ = {isa = PBXFileReference; lastKnownFileType = image.png; path = tab_me_icon_hl.png; sourceTree = "<group>"; };
		EF09019D1C56373000412241 /* tab_me_icon_hl@2x.png */ = {isa = PBXFileReference; lastKnownFileType = image.png; path = "tab_me_icon_hl@2x.png"; sourceTree = "<group>"; };
		EF09019E1C56373000412241 /* tab_me_icon_hl@3x.png */ = {isa = PBXFileReference; lastKnownFileType = image.png; path = "tab_me_icon_hl@3x.png"; sourceTree = "<group>"; };
		EF3AF6581C4A44F00043B488 /* MBProgressHUD.h */ = {isa = PBXFileReference; fileEncoding = 4; lastKnownFileType = sourcecode.c.h; path = MBProgressHUD.h; sourceTree = "<group>"; };
		EF3AF6591C4A44F00043B488 /* MBProgressHUD.m */ = {isa = PBXFileReference; fileEncoding = 4; lastKnownFileType = sourcecode.c.objc; path = MBProgressHUD.m; sourceTree = "<group>"; };
		EF3B7E0D1CD2E98500834790 /* LXDBlogController.h */ = {isa = PBXFileReference; fileEncoding = 4; lastKnownFileType = sourcecode.c.h; path = LXDBlogController.h; sourceTree = "<group>"; };
		EF3B7E0E1CD2E98500834790 /* LXDBlogController.m */ = {isa = PBXFileReference; fileEncoding = 4; lastKnownFileType = sourcecode.c.objc; path = LXDBlogController.m; sourceTree = "<group>"; };
		EF3B7E101CD2E98500834790 /* LXDBlogCell.h */ = {isa = PBXFileReference; fileEncoding = 4; lastKnownFileType = sourcecode.c.h; path = LXDBlogCell.h; sourceTree = "<group>"; };
		EF3B7E111CD2E98500834790 /* LXDBlogCell.m */ = {isa = PBXFileReference; fileEncoding = 4; lastKnownFileType = sourcecode.c.objc; path = LXDBlogCell.m; sourceTree = "<group>"; };
		EF3B7E131CD2E98500834790 /* NSArray+LXDFilter.h */ = {isa = PBXFileReference; fileEncoding = 4; lastKnownFileType = sourcecode.c.h; path = "NSArray+LXDFilter.h"; sourceTree = "<group>"; };
		EF3B7E141CD2E98500834790 /* NSArray+LXDFilter.m */ = {isa = PBXFileReference; fileEncoding = 4; lastKnownFileType = sourcecode.c.objc; path = "NSArray+LXDFilter.m"; sourceTree = "<group>"; };
		EF3B7E151CD2E98500834790 /* NSString+LXDVaild.h */ = {isa = PBXFileReference; fileEncoding = 4; lastKnownFileType = sourcecode.c.h; path = "NSString+LXDVaild.h"; sourceTree = "<group>"; };
		EF3B7E161CD2E98500834790 /* NSString+LXDVaild.m */ = {isa = PBXFileReference; fileEncoding = 4; lastKnownFileType = sourcecode.c.objc; path = "NSString+LXDVaild.m"; sourceTree = "<group>"; };
		EF3B7E171CD2E98500834790 /* UIColor+LXDNumberToColor.h */ = {isa = PBXFileReference; fileEncoding = 4; lastKnownFileType = sourcecode.c.h; path = "UIColor+LXDNumberToColor.h"; sourceTree = "<group>"; };
		EF3B7E181CD2E98500834790 /* UIColor+LXDNumberToColor.m */ = {isa = PBXFileReference; fileEncoding = 4; lastKnownFileType = sourcecode.c.objc; path = "UIColor+LXDNumberToColor.m"; sourceTree = "<group>"; };
		EF3B7E191CD2E98500834790 /* UIFont+LXDAdjustFont.h */ = {isa = PBXFileReference; fileEncoding = 4; lastKnownFileType = sourcecode.c.h; path = "UIFont+LXDAdjustFont.h"; sourceTree = "<group>"; };
		EF3B7E1A1CD2E98500834790 /* UIFont+LXDAdjustFont.m */ = {isa = PBXFileReference; fileEncoding = 4; lastKnownFileType = sourcecode.c.objc; path = "UIFont+LXDAdjustFont.m"; sourceTree = "<group>"; };
		EF3B7E1B1CD2E98500834790 /* UIImage+LXDRoundRectImage.h */ = {isa = PBXFileReference; fileEncoding = 4; lastKnownFileType = sourcecode.c.h; path = "UIImage+LXDRoundRectImage.h"; sourceTree = "<group>"; };
		EF3B7E1C1CD2E98500834790 /* UIImage+LXDRoundRectImage.m */ = {isa = PBXFileReference; fileEncoding = 4; lastKnownFileType = sourcecode.c.objc; path = "UIImage+LXDRoundRectImage.m"; sourceTree = "<group>"; };
		EF3B7E1D1CD2E98500834790 /* UIView+LXDEasyFrame.h */ = {isa = PBXFileReference; fileEncoding = 4; lastKnownFileType = sourcecode.c.h; path = "UIView+LXDEasyFrame.h"; sourceTree = "<group>"; };
		EF3B7E1E1CD2E98500834790 /* UIView+LXDEasyFrame.m */ = {isa = PBXFileReference; fileEncoding = 4; lastKnownFileType = sourcecode.c.objc; path = "UIView+LXDEasyFrame.m"; sourceTree = "<group>"; };
		EF3B7E201CD2E98500834790 /* LineBackgroundView.h */ = {isa = PBXFileReference; fileEncoding = 4; lastKnownFileType = sourcecode.c.h; path = LineBackgroundView.h; sourceTree = "<group>"; };
		EF3B7E211CD2E98500834790 /* LineBackgroundView.m */ = {isa = PBXFileReference; fileEncoding = 4; lastKnownFileType = sourcecode.c.objc; path = LineBackgroundView.m; sourceTree = "<group>"; };
		EF3B7E221CD2E98500834790 /* LXDAlphaNavigationController.h */ = {isa = PBXFileReference; fileEncoding = 4; lastKnownFileType = sourcecode.c.h; path = LXDAlphaNavigationController.h; sourceTree = "<group>"; };
		EF3B7E231CD2E98500834790 /* LXDAlphaNavigationController.m */ = {isa = PBXFileReference; fileEncoding = 4; lastKnownFileType = sourcecode.c.objc; path = LXDAlphaNavigationController.m; sourceTree = "<group>"; };
		EF3B7E241CD2E98500834790 /* LXDRefreshView.h */ = {isa = PBXFileReference; fileEncoding = 4; lastKnownFileType = sourcecode.c.h; path = LXDRefreshView.h; sourceTree = "<group>"; };
		EF3B7E251CD2E98500834790 /* LXDRefreshView.m */ = {isa = PBXFileReference; fileEncoding = 4; lastKnownFileType = sourcecode.c.objc; path = LXDRefreshView.m; sourceTree = "<group>"; };
		EF3B7E261CD2E98500834790 /* LXDShadowAlertView.h */ = {isa = PBXFileReference; fileEncoding = 4; lastKnownFileType = sourcecode.c.h; path = LXDShadowAlertView.h; sourceTree = "<group>"; };
		EF3B7E271CD2E98500834790 /* LXDShadowAlertView.m */ = {isa = PBXFileReference; fileEncoding = 4; lastKnownFileType = sourcecode.c.objc; path = LXDShadowAlertView.m; sourceTree = "<group>"; };
		EF3B7E2A1CD2E98500834790 /* LXDFamousController.h */ = {isa = PBXFileReference; fileEncoding = 4; lastKnownFileType = sourcecode.c.h; path = LXDFamousController.h; sourceTree = "<group>"; };
		EF3B7E2B1CD2E98500834790 /* LXDFamousController.m */ = {isa = PBXFileReference; fileEncoding = 4; lastKnownFileType = sourcecode.c.objc; path = LXDFamousController.m; sourceTree = "<group>"; };
		EF3B7E2E1CD2E98500834790 /* LXDGroupController.h */ = {isa = PBXFileReference; fileEncoding = 4; lastKnownFileType = sourcecode.c.h; path = LXDGroupController.h; sourceTree = "<group>"; };
		EF3B7E2F1CD2E98500834790 /* LXDGroupController.m */ = {isa = PBXFileReference; fileEncoding = 4; lastKnownFileType = sourcecode.c.objc; path = LXDGroupController.m; sourceTree = "<group>"; };
		EF3B7E311CD2E98500834790 /* LXDGroupLayout.h */ = {isa = PBXFileReference; fileEncoding = 4; lastKnownFileType = sourcecode.c.h; path = LXDGroupLayout.h; sourceTree = "<group>"; };
		EF3B7E321CD2E98500834790 /* LXDGroupLayout.m */ = {isa = PBXFileReference; fileEncoding = 4; lastKnownFileType = sourcecode.c.objc; path = LXDGroupLayout.m; sourceTree = "<group>"; };
		EF3B7E341CD2E98500834790 /* LXDGroupArticleCell.h */ = {isa = PBXFileReference; fileEncoding = 4; lastKnownFileType = sourcecode.c.h; path = LXDGroupArticleCell.h; sourceTree = "<group>"; };
		EF3B7E351CD2E98500834790 /* LXDGroupArticleCell.m */ = {isa = PBXFileReference; fileEncoding = 4; lastKnownFileType = sourcecode.c.objc; path = LXDGroupArticleCell.m; sourceTree = "<group>"; };
		EF3B7E361CD2E98500834790 /* LXDGroupCell.h */ = {isa = PBXFileReference; fileEncoding = 4; lastKnownFileType = sourcecode.c.h; path = LXDGroupCell.h; sourceTree = "<group>"; };
		EF3B7E371CD2E98500834790 /* LXDGroupCell.m */ = {isa = PBXFileReference; fileEncoding = 4; lastKnownFileType = sourcecode.c.objc; path = LXDGroupCell.m; sourceTree = "<group>"; };
		EF3B7E381CD2E98500834790 /* LXDSnapView.h */ = {isa = PBXFileReference; fileEncoding = 4; lastKnownFileType = sourcecode.c.h; path = LXDSnapView.h; sourceTree = "<group>"; };
		EF3B7E391CD2E98500834790 /* LXDSnapView.m */ = {isa = PBXFileReference; fileEncoding = 4; lastKnownFileType = sourcecode.c.objc; path = LXDSnapView.m; sourceTree = "<group>"; };
		EF3B7E3C1CD2E98500834790 /* LXDMainController.h */ = {isa = PBXFileReference; fileEncoding = 4; lastKnownFileType = sourcecode.c.h; path = LXDMainController.h; sourceTree = "<group>"; };
		EF3B7E3D1CD2E98500834790 /* LXDMainController.m */ = {isa = PBXFileReference; fileEncoding = 4; lastKnownFileType = sourcecode.c.objc; path = LXDMainController.m; sourceTree = "<group>"; };
		EF3B7E3F1CD2E98500834790 /* LXDBlogRequester.h */ = {isa = PBXFileReference; fileEncoding = 4; lastKnownFileType = sourcecode.c.h; path = LXDBlogRequester.h; sourceTree = "<group>"; };
		EF3B7E401CD2E98500834790 /* LXDBlogRequester.m */ = {isa = PBXFileReference; fileEncoding = 4; lastKnownFileType = sourcecode.c.objc; path = LXDBlogRequester.m; sourceTree = "<group>"; };
		EF3B7E431CD2E98500834790 /* LXDBaseTransitionAnimation.h */ = {isa = PBXFileReference; fileEncoding = 4; lastKnownFileType = sourcecode.c.h; path = LXDBaseTransitionAnimation.h; sourceTree = "<group>"; };
		EF3B7E441CD2E98500834790 /* LXDBaseTransitionAnimation.m */ = {isa = PBXFileReference; fileEncoding = 4; lastKnownFileType = sourcecode.c.objc; path = LXDBaseTransitionAnimation.m; sourceTree = "<group>"; };
		EF3B7E451CD2E98500834790 /* LXDNavigationTransitionAnimation.h */ = {isa = PBXFileReference; fileEncoding = 4; lastKnownFileType = sourcecode.c.h; path = LXDNavigationTransitionAnimation.h; sourceTree = "<group>"; };
		EF3B7E461CD2E98500834790 /* LXDNavigationTransitionAnimation.m */ = {isa = PBXFileReference; fileEncoding = 4; lastKnownFileType = sourcecode.c.objc; path = LXDNavigationTransitionAnimation.m; sourceTree = "<group>"; };
		EF3B7E471CD2E98500834790 /* LXDScaleTransitionAnimation.h */ = {isa = PBXFileReference; fileEncoding = 4; lastKnownFileType = sourcecode.c.h; path = LXDScaleTransitionAnimation.h; sourceTree = "<group>"; };
		EF3B7E481CD2E98500834790 /* LXDScaleTransitionAnimation.m */ = {isa = PBXFileReference; fileEncoding = 4; lastKnownFileType = sourcecode.c.objc; path = LXDScaleTransitionAnimation.m; sourceTree = "<group>"; };
		EF3B7E621CD2EB6300834790 /* LXDQueue.h */ = {isa = PBXFileReference; fileEncoding = 4; lastKnownFileType = sourcecode.c.h; path = LXDQueue.h; sourceTree = "<group>"; };
		EF3B7E631CD2EB6300834790 /* LXDQueue.m */ = {isa = PBXFileReference; fileEncoding = 4; lastKnownFileType = sourcecode.c.objc; path = LXDQueue.m; sourceTree = "<group>"; };
		EF3B7E671CD2EC8500834790 /* LXDArticleController.h */ = {isa = PBXFileReference; fileEncoding = 4; lastKnownFileType = sourcecode.c.h; path = LXDArticleController.h; sourceTree = "<group>"; };
		EF3B7E681CD2EC8500834790 /* LXDArticleController.m */ = {isa = PBXFileReference; fileEncoding = 4; lastKnownFileType = sourcecode.c.objc; path = LXDArticleController.m; sourceTree = "<group>"; };
		EF3B7E6A1CD2EC8500834790 /* LXDArticle.h */ = {isa = PBXFileReference; fileEncoding = 4; lastKnownFileType = sourcecode.c.h; path = LXDArticle.h; sourceTree = "<group>"; };
		EF3B7E6B1CD2EC8500834790 /* LXDArticle.m */ = {isa = PBXFileReference; fileEncoding = 4; lastKnownFileType = sourcecode.c.objc; path = LXDArticle.m; sourceTree = "<group>"; };
		EF3B7E6D1CD2EC8500834790 /* LXDArticleCompiler.h */ = {isa = PBXFileReference; fileEncoding = 4; lastKnownFileType = sourcecode.c.h; path = LXDArticleCompiler.h; sourceTree = "<group>"; };
		EF3B7E6E1CD2EC8500834790 /* LXDArticleCompiler.m */ = {isa = PBXFileReference; fileEncoding = 4; lastKnownFileType = sourcecode.c.objc; path = LXDArticleCompiler.m; sourceTree = "<group>"; };
		EF3B7E6F1CD2EC8500834790 /* LXDArticleManager.h */ = {isa = PBXFileReference; fileEncoding = 4; lastKnownFileType = sourcecode.c.h; path = LXDArticleManager.h; sourceTree = "<group>"; };
		EF3B7E701CD2EC8500834790 /* LXDArticleManager.m */ = {isa = PBXFileReference; fileEncoding = 4; lastKnownFileType = sourcecode.c.objc; path = LXDArticleManager.m; sourceTree = "<group>"; };
		EF3B7E711CD2EC8500834790 /* LXDArticleOperator.h */ = {isa = PBXFileReference; fileEncoding = 4; lastKnownFileType = sourcecode.c.h; path = LXDArticleOperator.h; sourceTree = "<group>"; };
		EF3B7E721CD2EC8500834790 /* LXDArticleOperator.m */ = {isa = PBXFileReference; fileEncoding = 4; lastKnownFileType = sourcecode.c.objc; path = LXDArticleOperator.m; sourceTree = "<group>"; };
		EF3B7E731CD2EC8500834790 /* LXDArticleStorage.h */ = {isa = PBXFileReference; fileEncoding = 4; lastKnownFileType = sourcecode.c.h; path = LXDArticleStorage.h; sourceTree = "<group>"; };
		EF3B7E741CD2EC8500834790 /* LXDArticleStorage.m */ = {isa = PBXFileReference; fileEncoding = 4; lastKnownFileType = sourcecode.c.objc; path = LXDArticleStorage.m; sourceTree = "<group>"; };
		EF3B7E761CD2EC8500834790 /* LXDRoundButton.h */ = {isa = PBXFileReference; fileEncoding = 4; lastKnownFileType = sourcecode.c.h; path = LXDRoundButton.h; sourceTree = "<group>"; };
		EF3B7E771CD2EC8500834790 /* LXDRoundButton.m */ = {isa = PBXFileReference; fileEncoding = 4; lastKnownFileType = sourcecode.c.objc; path = LXDRoundButton.m; sourceTree = "<group>"; };
		EF3B7E7F1CD2F24F00834790 /* LXDLineBackgroundView.h */ = {isa = PBXFileReference; fileEncoding = 4; lastKnownFileType = sourcecode.c.h; path = LXDLineBackgroundView.h; sourceTree = "<group>"; };
		EF3B7E801CD2F24F00834790 /* LXDLineBackgroundView.m */ = {isa = PBXFileReference; fileEncoding = 4; lastKnownFileType = sourcecode.c.objc; path = LXDLineBackgroundView.m; sourceTree = "<group>"; };
		EF3B7E821CD2F8EA00834790 /* UILabel+LXDDesignedInitializer.h */ = {isa = PBXFileReference; fileEncoding = 4; lastKnownFileType = sourcecode.c.h; path = "UILabel+LXDDesignedInitializer.h"; sourceTree = "<group>"; };
		EF3B7E831CD2F8EA00834790 /* UILabel+LXDDesignedInitializer.m */ = {isa = PBXFileReference; fileEncoding = 4; lastKnownFileType = sourcecode.c.objc; path = "UILabel+LXDDesignedInitializer.m"; sourceTree = "<group>"; };
		EF3B7E871CD30DA200834790 /* LXDBaseController.h */ = {isa = PBXFileReference; fileEncoding = 4; lastKnownFileType = sourcecode.c.h; path = LXDBaseController.h; sourceTree = "<group>"; };
		EF3B7E881CD30DA200834790 /* LXDBaseController.m */ = {isa = PBXFileReference; fileEncoding = 4; lastKnownFileType = sourcecode.c.objc; path = LXDBaseController.m; sourceTree = "<group>"; };
		EF3B7E8A1CD30E4100834790 /* LXDBaseTableViewController.h */ = {isa = PBXFileReference; fileEncoding = 4; lastKnownFileType = sourcecode.c.h; path = LXDBaseTableViewController.h; sourceTree = "<group>"; };
		EF3B7E8B1CD30E4100834790 /* LXDBaseTableViewController.m */ = {isa = PBXFileReference; fileEncoding = 4; lastKnownFileType = sourcecode.c.objc; path = LXDBaseTableViewController.m; sourceTree = "<group>"; };
		EFA17FB21C4497D300D93181 /* LXDPrefixHeader.pch */ = {isa = PBXFileReference; lastKnownFileType = sourcecode.c.h; name = LXDPrefixHeader.pch; path = ../../LXDPrefixHeader.pch; sourceTree = "<group>"; };
		EFD2D4EC1C44F8BA002E4646 /* Assets.xcassets */ = {isa = PBXFileReference; lastKnownFileType = folder.assetcatalog; path = Assets.xcassets; sourceTree = "<group>"; };
		EFE7B1461C57198200640A2F /* Default-375w-667h@2x.png */ = {isa = PBXFileReference; lastKnownFileType = image.png; path = "Default-375w-667h@2x.png"; sourceTree = "<group>"; };
		EFE7B1471C57198200640A2F /* Default-424w-736h@3x.png */ = {isa = PBXFileReference; lastKnownFileType = image.png; path = "Default-424w-736h@3x.png"; sourceTree = "<group>"; };
		EFE7B1481C57198200640A2F /* Default-568h@2x.png */ = {isa = PBXFileReference; lastKnownFileType = image.png; path = "Default-568h@2x.png"; sourceTree = "<group>"; };
		EFE7B1491C57198200640A2F /* Default.png */ = {isa = PBXFileReference; lastKnownFileType = image.png; path = Default.png; sourceTree = "<group>"; };
		EFE7B14A1C57198200640A2F /* Default@2x.png */ = {isa = PBXFileReference; lastKnownFileType = image.png; path = "Default@2x.png"; sourceTree = "<group>"; };
		EFEEDE991C43B3B100B2B2B2 /* LXDPersonalBlog.app */ = {isa = PBXFileReference; explicitFileType = wrapper.application; includeInIndex = 0; path = LXDPersonalBlog.app; sourceTree = BUILT_PRODUCTS_DIR; };
		EFEEDE9D1C43B3B100B2B2B2 /* main.m */ = {isa = PBXFileReference; lastKnownFileType = sourcecode.c.objc; path = main.m; sourceTree = "<group>"; };
		EFEEDE9F1C43B3B100B2B2B2 /* LXDAppDelegate.h */ = {isa = PBXFileReference; lastKnownFileType = sourcecode.c.h; name = LXDAppDelegate.h; path = ../../LXDAppDelegate.h; sourceTree = "<group>"; };
		EFEEDEA01C43B3B100B2B2B2 /* LXDAppDelegate.m */ = {isa = PBXFileReference; lastKnownFileType = sourcecode.c.objc; name = LXDAppDelegate.m; path = ../../LXDAppDelegate.m; sourceTree = "<group>"; };
		EFEEDEA61C43B3B100B2B2B2 /* Base */ = {isa = PBXFileReference; lastKnownFileType = file.storyboard; name = Base; path = Base.lproj/Main.storyboard; sourceTree = "<group>"; };
		EFEEDEAB1C43B3B100B2B2B2 /* Base */ = {isa = PBXFileReference; lastKnownFileType = file.storyboard; name = Base; path = Base.lproj/LaunchScreen.storyboard; sourceTree = "<group>"; };
		EFEEDEAD1C43B3B100B2B2B2 /* Info.plist */ = {isa = PBXFileReference; lastKnownFileType = text.plist.xml; path = Info.plist; sourceTree = "<group>"; };
		EFEEDEB21C43B3B100B2B2B2 /* LXDPersonalBlogTests.xctest */ = {isa = PBXFileReference; explicitFileType = wrapper.cfbundle; includeInIndex = 0; path = LXDPersonalBlogTests.xctest; sourceTree = BUILT_PRODUCTS_DIR; };
		EFEEDEB61C43B3B100B2B2B2 /* LXDPersonalBlogTests.m */ = {isa = PBXFileReference; lastKnownFileType = sourcecode.c.objc; path = LXDPersonalBlogTests.m; sourceTree = "<group>"; };
		EFEEDEB81C43B3B100B2B2B2 /* Info.plist */ = {isa = PBXFileReference; lastKnownFileType = text.plist.xml; path = Info.plist; sourceTree = "<group>"; };
		EFEEDEBD1C43B3B200B2B2B2 /* LXDPersonalBlogUITests.xctest */ = {isa = PBXFileReference; explicitFileType = wrapper.cfbundle; includeInIndex = 0; path = LXDPersonalBlogUITests.xctest; sourceTree = BUILT_PRODUCTS_DIR; };
		EFEEDEC11C43B3B200B2B2B2 /* LXDPersonalBlogUITests.m */ = {isa = PBXFileReference; lastKnownFileType = sourcecode.c.objc; path = LXDPersonalBlogUITests.m; sourceTree = "<group>"; };
		EFEEDEC31C43B3B200B2B2B2 /* Info.plist */ = {isa = PBXFileReference; lastKnownFileType = text.plist.xml; path = Info.plist; sourceTree = "<group>"; };
/* End PBXFileReference section */

/* Begin PBXFrameworksBuildPhase section */
		EFEEDE961C43B3B100B2B2B2 /* Frameworks */ = {
			isa = PBXFrameworksBuildPhase;
			buildActionMask = 2147483647;
			files = (
			);
			runOnlyForDeploymentPostprocessing = 0;
		};
		EFEEDEAF1C43B3B100B2B2B2 /* Frameworks */ = {
			isa = PBXFrameworksBuildPhase;
			buildActionMask = 2147483647;
			files = (
			);
			runOnlyForDeploymentPostprocessing = 0;
		};
		EFEEDEBA1C43B3B200B2B2B2 /* Frameworks */ = {
			isa = PBXFrameworksBuildPhase;
			buildActionMask = 2147483647;
			files = (
			);
			runOnlyForDeploymentPostprocessing = 0;
		};
/* End PBXFrameworksBuildPhase section */

/* Begin PBXGroup section */
		EF0901661C56373000412241 /* images */ = {
			isa = PBXGroup;
			children = (
				EFE7B1451C57198200640A2F /* LaunchImage */,
				EF0901671C56373000412241 /* article */,
				EF0901711C56373000412241 /* nav */,
				EF0901781C56373000412241 /* refresh */,
				EF09017F1C56373000412241 /* share */,
				EF09018C1C56373000412241 /* tab */,
			);
			path = images;
			sourceTree = "<group>";
		};
		EF0901671C56373000412241 /* article */ = {
			isa = PBXGroup;
			children = (
				EF0901681C56373000412241 /* article_author.png */,
				EF0901691C56373000412241 /* article_author@2x.png */,
				EF09016A1C56373000412241 /* article_author@3x.png */,
				EF09016B1C56373000412241 /* article_close.png */,
				EF09016C1C56373000412241 /* article_close@2x.png */,
				EF09016D1C56373000412241 /* article_close@3x.png */,
				EF09016E1C56373000412241 /* article_menu.png */,
				EF09016F1C56373000412241 /* article_menu@2x.png */,
				EF0901701C56373000412241 /* article_menu@3x.png */,
			);
			path = article;
			sourceTree = "<group>";
		};
		EF0901711C56373000412241 /* nav */ = {
			isa = PBXGroup;
			children = (
				EF0901721C56373000412241 /* nav_alpha_image.png */,
				EF0901731C56373000412241 /* nav_alpha_image@2x.png */,
				EF0901741C56373000412241 /* nav_alpha_image@3x.png */,
				EF0901751C56373000412241 /* nav_icon_back.png */,
				EF0901761C56373000412241 /* nav_icon_back@2x.png */,
				EF0901771C56373000412241 /* nav_icon_back@3x.png */,
			);
			path = nav;
			sourceTree = "<group>";
		};
		EF0901781C56373000412241 /* refresh */ = {
			isa = PBXGroup;
			children = (
				EF0901791C56373000412241 /* ready_refresh_icon.png */,
				EF09017A1C56373000412241 /* ready_refresh_icon@2x.png */,
				EF09017B1C56373000412241 /* ready_refresh_icon@3x.png */,
				EF09017C1C56373000412241 /* refresh_success.png */,
				EF09017D1C56373000412241 /* refresh_success@2x.png */,
				EF09017E1C56373000412241 /* refresh_success@3x.png */,
			);
			path = refresh;
			sourceTree = "<group>";
		};
		EF09017F1C56373000412241 /* share */ = {
			isa = PBXGroup;
			children = (
				EF0901801C56373000412241 /* share_collect.png */,
				EF0901811C56373000412241 /* share_collect@2x.png */,
				EF0901821C56373000412241 /* share_collect@3x.png */,
				EF0901831C56373000412241 /* share_friend.png */,
				EF0901841C56373000412241 /* share_friend@2x.png */,
				EF0901851C56373000412241 /* share_friend@3x.png */,
				EF0901861C56373000412241 /* share_sina.png */,
				EF0901871C56373000412241 /* share_sina@2x.png */,
				EF0901881C56373000412241 /* share_sina@3x.png */,
				EF0901891C56373000412241 /* share_wechat.png */,
				EF09018A1C56373000412241 /* share_wechat@2x.png */,
				EF09018B1C56373000412241 /* share_wechat@3x.png */,
			);
			path = share;
			sourceTree = "<group>";
		};
		EF09018C1C56373000412241 /* tab */ = {
			isa = PBXGroup;
			children = (
				EF09018D1C56373000412241 /* tab_blog.png */,
				EF09018E1C56373000412241 /* tab_blog@2x.png */,
				EF09018F1C56373000412241 /* tab_blog@3x.png */,
				EF0901901C56373000412241 /* tab_blog_hl.png */,
				EF0901911C56373000412241 /* tab_blog_hl@2x.png */,
				EF0901921C56373000412241 /* tab_blog_hl@3x.png */,
				EF0901931C56373000412241 /* tab_category.png */,
				EF0901941C56373000412241 /* tab_category@2x.png */,
				EF0901951C56373000412241 /* tab_category@3x.png */,
				EF0901961C56373000412241 /* tab_category_hl.png */,
				EF0901971C56373000412241 /* tab_category_hl@2x.png */,
				EF0901981C56373000412241 /* tab_category_hl@3x.png */,
				EF0901991C56373000412241 /* tab_me_icon.png */,
				EF09019A1C56373000412241 /* tab_me_icon@2x.png */,
				EF09019B1C56373000412241 /* tab_me_icon@3x.png */,
				EF09019C1C56373000412241 /* tab_me_icon_hl.png */,
				EF09019D1C56373000412241 /* tab_me_icon_hl@2x.png */,
				EF09019E1C56373000412241 /* tab_me_icon_hl@3x.png */,
			);
			path = tab;
			sourceTree = "<group>";
		};
		EF3AF6561C4A44F00043B488 /* libraries */ = {
			isa = PBXGroup;
			children = (
				EF3AF6571C4A44F00043B488 /* MBProgressHUD */,
			);
			path = libraries;
			sourceTree = "<group>";
		};
		EF3AF6571C4A44F00043B488 /* MBProgressHUD */ = {
			isa = PBXGroup;
			children = (
				EF3AF6581C4A44F00043B488 /* MBProgressHUD.h */,
				EF3AF6591C4A44F00043B488 /* MBProgressHUD.m */,
			);
			path = MBProgressHUD;
			sourceTree = "<group>";
		};
		EF3B7E0A1CD2E98500834790 /* Classes */ = {
			isa = PBXGroup;
			children = (
				EF3B7E861CD30D8C00834790 /* AbstractClass */,
				EF3B7E651CD2EC8500834790 /* Article */,
				EF3B7E0B1CD2E98500834790 /* Blog */,
				EF3B7E121CD2E98500834790 /* Category */,
				EF3B7E1F1CD2E98500834790 /* Controls */,
				EF3B7E281CD2E98500834790 /* Famous */,
				EF3B7E2C1CD2E98500834790 /* Group */,
				EF3B7E3A1CD2E98500834790 /* Main */,
				EF3B7E3E1CD2E98500834790 /* Network */,
				EF3B7E421CD2E98500834790 /* TransitionAnimation */,
				EF3B7E411CD2E98500834790 /* Tool */,
				EF3B7E611CD2E9E600834790 /* IB */,
				EF3B7E601CD2E99500834790 /* Other */,
			);
			path = Classes;
			sourceTree = "<group>";
		};
		EF3B7E0B1CD2E98500834790 /* Blog */ = {
			isa = PBXGroup;
			children = (
				EF3B7E0C1CD2E98500834790 /* controller */,
				EF3B7E0F1CD2E98500834790 /* view */,
			);
			path = Blog;
			sourceTree = "<group>";
		};
		EF3B7E0C1CD2E98500834790 /* controller */ = {
			isa = PBXGroup;
			children = (
				EF3B7E0D1CD2E98500834790 /* LXDBlogController.h */,
				EF3B7E0E1CD2E98500834790 /* LXDBlogController.m */,
			);
			path = controller;
			sourceTree = "<group>";
		};
		EF3B7E0F1CD2E98500834790 /* view */ = {
			isa = PBXGroup;
			children = (
				EF3B7E101CD2E98500834790 /* LXDBlogCell.h */,
				EF3B7E111CD2E98500834790 /* LXDBlogCell.m */,
			);
			path = view;
			sourceTree = "<group>";
		};
		EF3B7E121CD2E98500834790 /* Category */ = {
			isa = PBXGroup;
			children = (
				EF3B7E131CD2E98500834790 /* NSArray+LXDFilter.h */,
				EF3B7E141CD2E98500834790 /* NSArray+LXDFilter.m */,
				EF3B7E151CD2E98500834790 /* NSString+LXDVaild.h */,
				EF3B7E161CD2E98500834790 /* NSString+LXDVaild.m */,
				EF3B7E171CD2E98500834790 /* UIColor+LXDNumberToColor.h */,
				EF3B7E181CD2E98500834790 /* UIColor+LXDNumberToColor.m */,
				EF3B7E191CD2E98500834790 /* UIFont+LXDAdjustFont.h */,
				EF3B7E1A1CD2E98500834790 /* UIFont+LXDAdjustFont.m */,
				EF3B7E1B1CD2E98500834790 /* UIImage+LXDRoundRectImage.h */,
				EF3B7E1C1CD2E98500834790 /* UIImage+LXDRoundRectImage.m */,
				EF3B7E1D1CD2E98500834790 /* UIView+LXDEasyFrame.h */,
				EF3B7E1E1CD2E98500834790 /* UIView+LXDEasyFrame.m */,
			);
			path = Category;
			sourceTree = "<group>";
		};
		EF3B7E1F1CD2E98500834790 /* Controls */ = {
			isa = PBXGroup;
			children = (
				EF3B7E201CD2E98500834790 /* LineBackgroundView.h */,
				EF3B7E211CD2E98500834790 /* LineBackgroundView.m */,
				EF3B7E241CD2E98500834790 /* LXDRefreshView.h */,
				EF3B7E251CD2E98500834790 /* LXDRefreshView.m */,
				EF3B7E261CD2E98500834790 /* LXDShadowAlertView.h */,
				EF3B7E271CD2E98500834790 /* LXDShadowAlertView.m */,
				EF3B7E7F1CD2F24F00834790 /* LXDLineBackgroundView.h */,
				EF3B7E801CD2F24F00834790 /* LXDLineBackgroundView.m */,
				EF3B7E221CD2E98500834790 /* LXDAlphaNavigationController.h */,
				EF3B7E231CD2E98500834790 /* LXDAlphaNavigationController.m */,
			);
			path = Controls;
			sourceTree = "<group>";
		};
		EF3B7E281CD2E98500834790 /* Famous */ = {
			isa = PBXGroup;
			children = (
				EF3B7E291CD2E98500834790 /* controller */,
			);
			path = Famous;
			sourceTree = "<group>";
		};
		EF3B7E291CD2E98500834790 /* controller */ = {
			isa = PBXGroup;
			children = (
				EF3B7E2A1CD2E98500834790 /* LXDFamousController.h */,
				EF3B7E2B1CD2E98500834790 /* LXDFamousController.m */,
			);
			path = controller;
			sourceTree = "<group>";
		};
		EF3B7E2C1CD2E98500834790 /* Group */ = {
			isa = PBXGroup;
			children = (
				EF3B7E2D1CD2E98500834790 /* controller */,
				EF3B7E301CD2E98500834790 /* model */,
				EF3B7E331CD2E98500834790 /* view */,
			);
			path = Group;
			sourceTree = "<group>";
		};
		EF3B7E2D1CD2E98500834790 /* controller */ = {
			isa = PBXGroup;
			children = (
				EF3B7E2E1CD2E98500834790 /* LXDGroupController.h */,
				EF3B7E2F1CD2E98500834790 /* LXDGroupController.m */,
			);
			path = controller;
			sourceTree = "<group>";
		};
		EF3B7E301CD2E98500834790 /* model */ = {
			isa = PBXGroup;
			children = (
				EF3B7E311CD2E98500834790 /* LXDGroupLayout.h */,
				EF3B7E321CD2E98500834790 /* LXDGroupLayout.m */,
			);
			path = model;
			sourceTree = "<group>";
		};
		EF3B7E331CD2E98500834790 /* view */ = {
			isa = PBXGroup;
			children = (
				EF3B7E341CD2E98500834790 /* LXDGroupArticleCell.h */,
				EF3B7E351CD2E98500834790 /* LXDGroupArticleCell.m */,
				EF3B7E361CD2E98500834790 /* LXDGroupCell.h */,
				EF3B7E371CD2E98500834790 /* LXDGroupCell.m */,
				EF3B7E381CD2E98500834790 /* LXDSnapView.h */,
				EF3B7E391CD2E98500834790 /* LXDSnapView.m */,
			);
			path = view;
			sourceTree = "<group>";
		};
		EF3B7E3A1CD2E98500834790 /* Main */ = {
			isa = PBXGroup;
			children = (
				EF3B7E3B1CD2E98500834790 /* controller */,
			);
			path = Main;
			sourceTree = "<group>";
		};
		EF3B7E3B1CD2E98500834790 /* controller */ = {
			isa = PBXGroup;
			children = (
				EF3B7E3C1CD2E98500834790 /* LXDMainController.h */,
				EF3B7E3D1CD2E98500834790 /* LXDMainController.m */,
			);
			path = controller;
			sourceTree = "<group>";
		};
		EF3B7E3E1CD2E98500834790 /* Network */ = {
			isa = PBXGroup;
			children = (
				EF3B7E3F1CD2E98500834790 /* LXDBlogRequester.h */,
				EF3B7E401CD2E98500834790 /* LXDBlogRequester.m */,
			);
			path = Network;
			sourceTree = "<group>";
		};
		EF3B7E411CD2E98500834790 /* Tool */ = {
			isa = PBXGroup;
			children = (
				EF3B7E821CD2F8EA00834790 /* UILabel+LXDDesignedInitializer.h */,
				EF3B7E831CD2F8EA00834790 /* UILabel+LXDDesignedInitializer.m */,
				EF3B7E621CD2EB6300834790 /* LXDQueue.h */,
				EF3B7E631CD2EB6300834790 /* LXDQueue.m */,
			);
			path = Tool;
			sourceTree = "<group>";
		};
		EF3B7E421CD2E98500834790 /* TransitionAnimation */ = {
			isa = PBXGroup;
			children = (
				EF3B7E431CD2E98500834790 /* LXDBaseTransitionAnimation.h */,
				EF3B7E441CD2E98500834790 /* LXDBaseTransitionAnimation.m */,
				EF3B7E451CD2E98500834790 /* LXDNavigationTransitionAnimation.h */,
				EF3B7E461CD2E98500834790 /* LXDNavigationTransitionAnimation.m */,
				EF3B7E471CD2E98500834790 /* LXDScaleTransitionAnimation.h */,
				EF3B7E481CD2E98500834790 /* LXDScaleTransitionAnimation.m */,
			);
			path = TransitionAnimation;
			sourceTree = "<group>";
		};
		EF3B7E601CD2E99500834790 /* Other */ = {
			isa = PBXGroup;
			children = (
				EFEEDE9F1C43B3B100B2B2B2 /* LXDAppDelegate.h */,
				EFEEDEA01C43B3B100B2B2B2 /* LXDAppDelegate.m */,
				EFA17FB21C4497D300D93181 /* LXDPrefixHeader.pch */,
			);
			path = Other;
			sourceTree = "<group>";
		};
		EF3B7E611CD2E9E600834790 /* IB */ = {
			isa = PBXGroup;
			children = (
				EFEEDEA51C43B3B100B2B2B2 /* Main.storyboard */,
				EFEEDEAA1C43B3B100B2B2B2 /* LaunchScreen.storyboard */,
			);
			path = IB;
			sourceTree = "<group>";
		};
		EF3B7E651CD2EC8500834790 /* Article */ = {
			isa = PBXGroup;
			children = (
				EF3B7E661CD2EC8500834790 /* controller */,
				EF3B7E691CD2EC8500834790 /* model */,
				EF3B7E6C1CD2EC8500834790 /* tool */,
				EF3B7E751CD2EC8500834790 /* view */,
			);
			path = Article;
			sourceTree = "<group>";
		};
		EF3B7E661CD2EC8500834790 /* controller */ = {
			isa = PBXGroup;
			children = (
				EF3B7E671CD2EC8500834790 /* LXDArticleController.h */,
				EF3B7E681CD2EC8500834790 /* LXDArticleController.m */,
			);
			path = controller;
			sourceTree = "<group>";
		};
		EF3B7E691CD2EC8500834790 /* model */ = {
			isa = PBXGroup;
			children = (
				EF3B7E6A1CD2EC8500834790 /* LXDArticle.h */,
				EF3B7E6B1CD2EC8500834790 /* LXDArticle.m */,
			);
			path = model;
			sourceTree = "<group>";
		};
		EF3B7E6C1CD2EC8500834790 /* tool */ = {
			isa = PBXGroup;
			children = (
				EF3B7E6D1CD2EC8500834790 /* LXDArticleCompiler.h */,
				EF3B7E6E1CD2EC8500834790 /* LXDArticleCompiler.m */,
				EF3B7E6F1CD2EC8500834790 /* LXDArticleManager.h */,
				EF3B7E701CD2EC8500834790 /* LXDArticleManager.m */,
				EF3B7E711CD2EC8500834790 /* LXDArticleOperator.h */,
				EF3B7E721CD2EC8500834790 /* LXDArticleOperator.m */,
				EF3B7E731CD2EC8500834790 /* LXDArticleStorage.h */,
				EF3B7E741CD2EC8500834790 /* LXDArticleStorage.m */,
			);
			path = tool;
			sourceTree = "<group>";
		};
		EF3B7E751CD2EC8500834790 /* view */ = {
			isa = PBXGroup;
			children = (
				EF3B7E761CD2EC8500834790 /* LXDRoundButton.h */,
				EF3B7E771CD2EC8500834790 /* LXDRoundButton.m */,
			);
			path = view;
			sourceTree = "<group>";
		};
		EF3B7E861CD30D8C00834790 /* AbstractClass */ = {
			isa = PBXGroup;
			children = (
				EF3B7E871CD30DA200834790 /* LXDBaseController.h */,
				EF3B7E881CD30DA200834790 /* LXDBaseController.m */,
				EF3B7E8A1CD30E4100834790 /* LXDBaseTableViewController.h */,
				EF3B7E8B1CD30E4100834790 /* LXDBaseTableViewController.m */,
			);
			path = AbstractClass;
			sourceTree = "<group>";
		};
		EFE7B1451C57198200640A2F /* LaunchImage */ = {
			isa = PBXGroup;
			children = (
				EFE7B1461C57198200640A2F /* Default-375w-667h@2x.png */,
				EFE7B1471C57198200640A2F /* Default-424w-736h@3x.png */,
				EFE7B1481C57198200640A2F /* Default-568h@2x.png */,
				EFE7B1491C57198200640A2F /* Default.png */,
				EFE7B14A1C57198200640A2F /* Default@2x.png */,
			);
			path = LaunchImage;
			sourceTree = "<group>";
		};
		EFEEDE901C43B3B100B2B2B2 = {
			isa = PBXGroup;
			children = (
				EF0901661C56373000412241 /* images */,
				EF3AF6561C4A44F00043B488 /* libraries */,
				EFEEDE9B1C43B3B100B2B2B2 /* LXDPersonalBlog */,
				EFEEDEB51C43B3B100B2B2B2 /* LXDPersonalBlogTests */,
				EFEEDEC01C43B3B200B2B2B2 /* LXDPersonalBlogUITests */,
				EFEEDE9A1C43B3B100B2B2B2 /* Products */,
			);
			sourceTree = "<group>";
		};
		EFEEDE9A1C43B3B100B2B2B2 /* Products */ = {
			isa = PBXGroup;
			children = (
				EFEEDE991C43B3B100B2B2B2 /* LXDPersonalBlog.app */,
				EFEEDEB21C43B3B100B2B2B2 /* LXDPersonalBlogTests.xctest */,
				EFEEDEBD1C43B3B200B2B2B2 /* LXDPersonalBlogUITests.xctest */,
			);
			name = Products;
			sourceTree = "<group>";
		};
		EFEEDE9B1C43B3B100B2B2B2 /* LXDPersonalBlog */ = {
			isa = PBXGroup;
			children = (
				EF3B7E0A1CD2E98500834790 /* Classes */,
				EFEEDEAD1C43B3B100B2B2B2 /* Info.plist */,
				EFD2D4EC1C44F8BA002E4646 /* Assets.xcassets */,
				EFEEDE9C1C43B3B100B2B2B2 /* Supporting Files */,
			);
			path = LXDPersonalBlog;
			sourceTree = "<group>";
		};
		EFEEDE9C1C43B3B100B2B2B2 /* Supporting Files */ = {
			isa = PBXGroup;
			children = (
				EFEEDE9D1C43B3B100B2B2B2 /* main.m */,
			);
			name = "Supporting Files";
			sourceTree = "<group>";
		};
		EFEEDEB51C43B3B100B2B2B2 /* LXDPersonalBlogTests */ = {
			isa = PBXGroup;
			children = (
				EFEEDEB61C43B3B100B2B2B2 /* LXDPersonalBlogTests.m */,
				EFEEDEB81C43B3B100B2B2B2 /* Info.plist */,
			);
			path = LXDPersonalBlogTests;
			sourceTree = "<group>";
		};
		EFEEDEC01C43B3B200B2B2B2 /* LXDPersonalBlogUITests */ = {
			isa = PBXGroup;
			children = (
				EFEEDEC11C43B3B200B2B2B2 /* LXDPersonalBlogUITests.m */,
				EFEEDEC31C43B3B200B2B2B2 /* Info.plist */,
			);
			path = LXDPersonalBlogUITests;
			sourceTree = "<group>";
		};
/* End PBXGroup section */

/* Begin PBXNativeTarget section */
		EFEEDE981C43B3B100B2B2B2 /* LXDPersonalBlog */ = {
			isa = PBXNativeTarget;
			buildConfigurationList = EFEEDEC61C43B3B200B2B2B2 /* Build configuration list for PBXNativeTarget "LXDPersonalBlog" */;
			buildPhases = (
				EFEEDE951C43B3B100B2B2B2 /* Sources */,
				EFEEDE961C43B3B100B2B2B2 /* Frameworks */,
				EFEEDE971C43B3B100B2B2B2 /* Resources */,
			);
			buildRules = (
			);
			dependencies = (
			);
			name = LXDPersonalBlog;
			productName = LXDPersonalBlog;
			productReference = EFEEDE991C43B3B100B2B2B2 /* LXDPersonalBlog.app */;
			productType = "com.apple.product-type.application";
		};
		EFEEDEB11C43B3B100B2B2B2 /* LXDPersonalBlogTests */ = {
			isa = PBXNativeTarget;
			buildConfigurationList = EFEEDEC91C43B3B200B2B2B2 /* Build configuration list for PBXNativeTarget "LXDPersonalBlogTests" */;
			buildPhases = (
				EFEEDEAE1C43B3B100B2B2B2 /* Sources */,
				EFEEDEAF1C43B3B100B2B2B2 /* Frameworks */,
				EFEEDEB01C43B3B100B2B2B2 /* Resources */,
			);
			buildRules = (
			);
			dependencies = (
				EFEEDEB41C43B3B100B2B2B2 /* PBXTargetDependency */,
			);
			name = LXDPersonalBlogTests;
			productName = LXDPersonalBlogTests;
			productReference = EFEEDEB21C43B3B100B2B2B2 /* LXDPersonalBlogTests.xctest */;
			productType = "com.apple.product-type.bundle.unit-test";
		};
		EFEEDEBC1C43B3B200B2B2B2 /* LXDPersonalBlogUITests */ = {
			isa = PBXNativeTarget;
			buildConfigurationList = EFEEDECC1C43B3B200B2B2B2 /* Build configuration list for PBXNativeTarget "LXDPersonalBlogUITests" */;
			buildPhases = (
				EFEEDEB91C43B3B200B2B2B2 /* Sources */,
				EFEEDEBA1C43B3B200B2B2B2 /* Frameworks */,
				EFEEDEBB1C43B3B200B2B2B2 /* Resources */,
			);
			buildRules = (
			);
			dependencies = (
				EFEEDEBF1C43B3B200B2B2B2 /* PBXTargetDependency */,
			);
			name = LXDPersonalBlogUITests;
			productName = LXDPersonalBlogUITests;
			productReference = EFEEDEBD1C43B3B200B2B2B2 /* LXDPersonalBlogUITests.xctest */;
			productType = "com.apple.product-type.bundle.ui-testing";
		};
/* End PBXNativeTarget section */

/* Begin PBXProject section */
		EFEEDE911C43B3B100B2B2B2 /* Project object */ = {
			isa = PBXProject;
			attributes = {
				CLASSPREFIX = LXD;
				LastUpgradeCheck = 0720;
				ORGANIZATIONNAME = SindriLin;
				TargetAttributes = {
					EFEEDE981C43B3B100B2B2B2 = {
						CreatedOnToolsVersion = 7.2;
						DevelopmentTeam = 23R3RZE6E9;
					};
					EFEEDEB11C43B3B100B2B2B2 = {
						CreatedOnToolsVersion = 7.2;
						TestTargetID = EFEEDE981C43B3B100B2B2B2;
					};
					EFEEDEBC1C43B3B200B2B2B2 = {
						CreatedOnToolsVersion = 7.2;
						TestTargetID = EFEEDE981C43B3B100B2B2B2;
					};
				};
			};
			buildConfigurationList = EFEEDE941C43B3B100B2B2B2 /* Build configuration list for PBXProject "LXDPersonalBlog" */;
			compatibilityVersion = "Xcode 3.2";
			developmentRegion = English;
			hasScannedForEncodings = 0;
			knownRegions = (
				en,
				Base,
			);
			mainGroup = EFEEDE901C43B3B100B2B2B2;
			productRefGroup = EFEEDE9A1C43B3B100B2B2B2 /* Products */;
			projectDirPath = "";
			projectRoot = "";
			targets = (
				EFEEDE981C43B3B100B2B2B2 /* LXDPersonalBlog */,
				EFEEDEB11C43B3B100B2B2B2 /* LXDPersonalBlogTests */,
				EFEEDEBC1C43B3B200B2B2B2 /* LXDPersonalBlogUITests */,
			);
		};
/* End PBXProject section */

/* Begin PBXResourcesBuildPhase section */
		EFEEDE971C43B3B100B2B2B2 /* Resources */ = {
			isa = PBXResourcesBuildPhase;
			buildActionMask = 2147483647;
			files = (
				EFE7B14F1C57198200640A2F /* Default@2x.png in Resources */,
				EF0901C11C56373000412241 /* tab_blog@2x.png in Resources */,
				EFEEDEAC1C43B3B100B2B2B2 /* LaunchScreen.storyboard in Resources */,
				EF0901AC1C56373000412241 /* nav_icon_back@2x.png in Resources */,
				EF0901CC1C56373000412241 /* tab_me_icon.png in Resources */,
				EF0901B61C56373000412241 /* share_collect@3x.png in Resources */,
				EF0901BF1C56373000412241 /* share_wechat@3x.png in Resources */,
				EFE7B14C1C57198200640A2F /* Default-424w-736h@3x.png in Resources */,
				EF0901AB1C56373000412241 /* nav_icon_back.png in Resources */,
				EF0901B31C56373000412241 /* refresh_success@3x.png in Resources */,
				EF0901C31C56373000412241 /* tab_blog_hl.png in Resources */,
				EF0901B11C56373000412241 /* refresh_success.png in Resources */,
				EF0901B81C56373000412241 /* share_friend@2x.png in Resources */,
				EF0901BC1C56373000412241 /* share_sina@3x.png in Resources */,
				EF0901D01C56373000412241 /* tab_me_icon_hl@2x.png in Resources */,
				EF0901C01C56373000412241 /* tab_blog.png in Resources */,
				EF0901A81C56373000412241 /* nav_alpha_image.png in Resources */,
				EF0901A01C56373000412241 /* article_author@2x.png in Resources */,
				EF0901D11C56373000412241 /* tab_me_icon_hl@3x.png in Resources */,
				EF0901A91C56373000412241 /* nav_alpha_image@2x.png in Resources */,
				EF0901A41C56373000412241 /* article_close@3x.png in Resources */,
				EF0901C71C56373000412241 /* tab_category@2x.png in Resources */,
				EF0901BB1C56373000412241 /* share_sina@2x.png in Resources */,
				EF0901A31C56373000412241 /* article_close@2x.png in Resources */,
				EF0901CF1C56373000412241 /* tab_me_icon_hl.png in Resources */,
				EF0901AA1C56373000412241 /* nav_alpha_image@3x.png in Resources */,
				EF0901BE1C56373000412241 /* share_wechat@2x.png in Resources */,
				EF0901C21C56373000412241 /* tab_blog@3x.png in Resources */,
				EF0901CD1C56373000412241 /* tab_me_icon@2x.png in Resources */,
				EF0901AE1C56373000412241 /* ready_refresh_icon.png in Resources */,
				EF0901AD1C56373000412241 /* nav_icon_back@3x.png in Resources */,
				EF0901B51C56373000412241 /* share_collect@2x.png in Resources */,
				EFE7B14E1C57198200640A2F /* Default.png in Resources */,
				EF0901C91C56373000412241 /* tab_category_hl.png in Resources */,
				EF0901B21C56373000412241 /* refresh_success@2x.png in Resources */,
				EFD2D4ED1C44F8BA002E4646 /* Assets.xcassets in Resources */,
				EF0901A71C56373000412241 /* article_menu@3x.png in Resources */,
				EF0901AF1C56373000412241 /* ready_refresh_icon@2x.png in Resources */,
				EF0901B01C56373000412241 /* ready_refresh_icon@3x.png in Resources */,
				EF0901BD1C56373000412241 /* share_wechat.png in Resources */,
				EFE7B14B1C57198200640A2F /* Default-375w-667h@2x.png in Resources */,
				EF0901BA1C56373000412241 /* share_sina.png in Resources */,
				EFEEDEA71C43B3B100B2B2B2 /* Main.storyboard in Resources */,
				EF0901CA1C56373000412241 /* tab_category_hl@2x.png in Resources */,
				EF0901C41C56373000412241 /* tab_blog_hl@2x.png in Resources */,
				EF09019F1C56373000412241 /* article_author.png in Resources */,
				EF0901C61C56373000412241 /* tab_category.png in Resources */,
				EF0901B41C56373000412241 /* share_collect.png in Resources */,
				EF0901C51C56373000412241 /* tab_blog_hl@3x.png in Resources */,
				EF0901A51C56373000412241 /* article_menu.png in Resources */,
				EF0901A21C56373000412241 /* article_close.png in Resources */,
				EF0901B71C56373000412241 /* share_friend.png in Resources */,
				EFE7B14D1C57198200640A2F /* Default-568h@2x.png in Resources */,
				EF0901CB1C56373000412241 /* tab_category_hl@3x.png in Resources */,
				EF0901CE1C56373000412241 /* tab_me_icon@3x.png in Resources */,
				EF0901B91C56373000412241 /* share_friend@3x.png in Resources */,
				EF0901A61C56373000412241 /* article_menu@2x.png in Resources */,
				EF0901A11C56373000412241 /* article_author@3x.png in Resources */,
				EF0901C81C56373000412241 /* tab_category@3x.png in Resources */,
			);
			runOnlyForDeploymentPostprocessing = 0;
		};
		EFEEDEB01C43B3B100B2B2B2 /* Resources */ = {
			isa = PBXResourcesBuildPhase;
			buildActionMask = 2147483647;
			files = (
			);
			runOnlyForDeploymentPostprocessing = 0;
		};
		EFEEDEBB1C43B3B200B2B2B2 /* Resources */ = {
			isa = PBXResourcesBuildPhase;
			buildActionMask = 2147483647;
			files = (
			);
			runOnlyForDeploymentPostprocessing = 0;
		};
/* End PBXResourcesBuildPhase section */

/* Begin PBXSourcesBuildPhase section */
		EFEEDE951C43B3B100B2B2B2 /* Sources */ = {
			isa = PBXSourcesBuildPhase;
			buildActionMask = 2147483647;
			files = (
				EF3B7E501CD2E98500834790 /* UIView+LXDEasyFrame.m in Sources */,
				EF3B7E561CD2E98500834790 /* LXDGroupController.m in Sources */,
				EF3B7E841CD2F8EA00834790 /* UILabel+LXDDesignedInitializer.m in Sources */,
				EF3B7E4D1CD2E98500834790 /* UIColor+LXDNumberToColor.m in Sources */,
				EF3B7E5F1CD2E98500834790 /* LXDScaleTransitionAnimation.m in Sources */,
				EF3B7E4F1CD2E98500834790 /* UIImage+LXDRoundRectImage.m in Sources */,
				EFEEDEA11C43B3B100B2B2B2 /* LXDAppDelegate.m in Sources */,
				EF3B7E5D1CD2E98500834790 /* LXDBaseTransitionAnimation.m in Sources */,
				EF3B7E7C1CD2EC8500834790 /* LXDArticleOperator.m in Sources */,
				EF3B7E5B1CD2E98500834790 /* LXDMainController.m in Sources */,
				EF3B7E5C1CD2E98500834790 /* LXDBlogRequester.m in Sources */,
				EF3AF65A1C4A44F00043B488 /* MBProgressHUD.m in Sources */,
				EF3B7E5A1CD2E98500834790 /* LXDSnapView.m in Sources */,
				EF3B7E591CD2E98500834790 /* LXDGroupCell.m in Sources */,
				EF3B7E4E1CD2E98500834790 /* UIFont+LXDAdjustFont.m in Sources */,
				EF3B7E781CD2EC8500834790 /* LXDArticleController.m in Sources */,
				EF3B7E811CD2F24F00834790 /* LXDLineBackgroundView.m in Sources */,
				EF3B7E791CD2EC8500834790 /* LXDArticle.m in Sources */,
				EF3B7E7D1CD2EC8500834790 /* LXDArticleStorage.m in Sources */,
				EF3B7E521CD2E98500834790 /* LXDAlphaNavigationController.m in Sources */,
				EF3B7E551CD2E98500834790 /* LXDFamousController.m in Sources */,
				EF3B7E541CD2E98500834790 /* LXDShadowAlertView.m in Sources */,
				EF3B7E7B1CD2EC8500834790 /* LXDArticleManager.m in Sources */,
				EF3B7E511CD2E98500834790 /* LineBackgroundView.m in Sources */,
				EF3B7E5E1CD2E98500834790 /* LXDNavigationTransitionAnimation.m in Sources */,
				EF3B7E4A1CD2E98500834790 /* LXDBlogCell.m in Sources */,
				EF3B7E891CD30DA200834790 /* LXDBaseController.m in Sources */,
				EF3B7E531CD2E98500834790 /* LXDRefreshView.m in Sources */,
				EF3B7E7E1CD2EC8500834790 /* LXDRoundButton.m in Sources */,
				EF3B7E4B1CD2E98500834790 /* NSArray+LXDFilter.m in Sources */,
				EF3B7E571CD2E98500834790 /* LXDGroupLayout.m in Sources */,
				EF3B7E641CD2EB6300834790 /* LXDQueue.m in Sources */,
				EF3B7E4C1CD2E98500834790 /* NSString+LXDVaild.m in Sources */,
				EF3B7E491CD2E98500834790 /* LXDBlogController.m in Sources */,
				EFEEDE9E1C43B3B100B2B2B2 /* main.m in Sources */,
				EF3B7E7A1CD2EC8500834790 /* LXDArticleCompiler.m in Sources */,
				EF3B7E581CD2E98500834790 /* LXDGroupArticleCell.m in Sources */,
				EF3B7E8C1CD30E4100834790 /* LXDBaseTableViewController.m in Sources */,
			);
			runOnlyForDeploymentPostprocessing = 0;
		};
		EFEEDEAE1C43B3B100B2B2B2 /* Sources */ = {
			isa = PBXSourcesBuildPhase;
			buildActionMask = 2147483647;
			files = (
				EFEEDEB71C43B3B100B2B2B2 /* LXDPersonalBlogTests.m in Sources */,
			);
			runOnlyForDeploymentPostprocessing = 0;
		};
		EFEEDEB91C43B3B200B2B2B2 /* Sources */ = {
			isa = PBXSourcesBuildPhase;
			buildActionMask = 2147483647;
			files = (
				EFEEDEC21C43B3B200B2B2B2 /* LXDPersonalBlogUITests.m in Sources */,
			);
			runOnlyForDeploymentPostprocessing = 0;
		};
/* End PBXSourcesBuildPhase section */

/* Begin PBXTargetDependency section */
		EFEEDEB41C43B3B100B2B2B2 /* PBXTargetDependency */ = {
			isa = PBXTargetDependency;
			target = EFEEDE981C43B3B100B2B2B2 /* LXDPersonalBlog */;
			targetProxy = EFEEDEB31C43B3B100B2B2B2 /* PBXContainerItemProxy */;
		};
		EFEEDEBF1C43B3B200B2B2B2 /* PBXTargetDependency */ = {
			isa = PBXTargetDependency;
			target = EFEEDE981C43B3B100B2B2B2 /* LXDPersonalBlog */;
			targetProxy = EFEEDEBE1C43B3B200B2B2B2 /* PBXContainerItemProxy */;
		};
/* End PBXTargetDependency section */

/* Begin PBXVariantGroup section */
		EFEEDEA51C43B3B100B2B2B2 /* Main.storyboard */ = {
			isa = PBXVariantGroup;
			children = (
				EFEEDEA61C43B3B100B2B2B2 /* Base */,
			);
			name = Main.storyboard;
			path = ../..;
			sourceTree = "<group>";
		};
		EFEEDEAA1C43B3B100B2B2B2 /* LaunchScreen.storyboard */ = {
			isa = PBXVariantGroup;
			children = (
				EFEEDEAB1C43B3B100B2B2B2 /* Base */,
			);
			name = LaunchScreen.storyboard;
			path = ../..;
			sourceTree = "<group>";
		};
/* End PBXVariantGroup section */

/* Begin XCBuildConfiguration section */
		EFEEDEC41C43B3B200B2B2B2 /* Debug */ = {
			isa = XCBuildConfiguration;
			buildSettings = {
				ALWAYS_SEARCH_USER_PATHS = NO;
				CLANG_CXX_LANGUAGE_STANDARD = "gnu++0x";
				CLANG_CXX_LIBRARY = "libc++";
				CLANG_ENABLE_MODULES = YES;
				CLANG_ENABLE_OBJC_ARC = YES;
				CLANG_WARN_BOOL_CONVERSION = YES;
				CLANG_WARN_CONSTANT_CONVERSION = YES;
				CLANG_WARN_DIRECT_OBJC_ISA_USAGE = YES_ERROR;
				CLANG_WARN_EMPTY_BODY = YES;
				CLANG_WARN_ENUM_CONVERSION = YES;
				CLANG_WARN_INT_CONVERSION = YES;
				CLANG_WARN_OBJC_ROOT_CLASS = YES_ERROR;
				CLANG_WARN_UNREACHABLE_CODE = YES;
				CLANG_WARN__DUPLICATE_METHOD_MATCH = YES;
				"CODE_SIGN_IDENTITY[sdk=iphoneos*]" = "iPhone Developer";
				COPY_PHASE_STRIP = NO;
				DEBUG_INFORMATION_FORMAT = dwarf;
				ENABLE_STRICT_OBJC_MSGSEND = YES;
				ENABLE_TESTABILITY = YES;
				GCC_C_LANGUAGE_STANDARD = gnu99;
				GCC_DYNAMIC_NO_PIC = NO;
				GCC_NO_COMMON_BLOCKS = YES;
				GCC_OPTIMIZATION_LEVEL = 0;
				GCC_PREPROCESSOR_DEFINITIONS = (
					"DEBUG=1",
					"$(inherited)",
				);
				GCC_WARN_64_TO_32_BIT_CONVERSION = YES;
				GCC_WARN_ABOUT_RETURN_TYPE = YES_ERROR;
				GCC_WARN_UNDECLARED_SELECTOR = YES;
				GCC_WARN_UNINITIALIZED_AUTOS = YES_AGGRESSIVE;
				GCC_WARN_UNUSED_FUNCTION = YES;
				GCC_WARN_UNUSED_VARIABLE = YES;
				IPHONEOS_DEPLOYMENT_TARGET = 9.2;
				MTL_ENABLE_DEBUG_INFO = YES;
				ONLY_ACTIVE_ARCH = YES;
				SDKROOT = iphoneos;
			};
			name = Debug;
		};
		EFEEDEC51C43B3B200B2B2B2 /* Release */ = {
			isa = XCBuildConfiguration;
			buildSettings = {
				ALWAYS_SEARCH_USER_PATHS = NO;
				CLANG_CXX_LANGUAGE_STANDARD = "gnu++0x";
				CLANG_CXX_LIBRARY = "libc++";
				CLANG_ENABLE_MODULES = YES;
				CLANG_ENABLE_OBJC_ARC = YES;
				CLANG_WARN_BOOL_CONVERSION = YES;
				CLANG_WARN_CONSTANT_CONVERSION = YES;
				CLANG_WARN_DIRECT_OBJC_ISA_USAGE = YES_ERROR;
				CLANG_WARN_EMPTY_BODY = YES;
				CLANG_WARN_ENUM_CONVERSION = YES;
				CLANG_WARN_INT_CONVERSION = YES;
				CLANG_WARN_OBJC_ROOT_CLASS = YES_ERROR;
				CLANG_WARN_UNREACHABLE_CODE = YES;
				CLANG_WARN__DUPLICATE_METHOD_MATCH = YES;
				"CODE_SIGN_IDENTITY[sdk=iphoneos*]" = "iPhone Developer";
				COPY_PHASE_STRIP = NO;
				DEBUG_INFORMATION_FORMAT = "dwarf-with-dsym";
				ENABLE_NS_ASSERTIONS = NO;
				ENABLE_STRICT_OBJC_MSGSEND = YES;
				GCC_C_LANGUAGE_STANDARD = gnu99;
				GCC_NO_COMMON_BLOCKS = YES;
				GCC_WARN_64_TO_32_BIT_CONVERSION = YES;
				GCC_WARN_ABOUT_RETURN_TYPE = YES_ERROR;
				GCC_WARN_UNDECLARED_SELECTOR = YES;
				GCC_WARN_UNINITIALIZED_AUTOS = YES_AGGRESSIVE;
				GCC_WARN_UNUSED_FUNCTION = YES;
				GCC_WARN_UNUSED_VARIABLE = YES;
				IPHONEOS_DEPLOYMENT_TARGET = 9.2;
				MTL_ENABLE_DEBUG_INFO = NO;
				SDKROOT = iphoneos;
				VALIDATE_PRODUCT = YES;
			};
			name = Release;
		};
		EFEEDEC71C43B3B200B2B2B2 /* Debug */ = {
			isa = XCBuildConfiguration;
			buildSettings = {
				ASSETCATALOG_COMPILER_APPICON_NAME = AppIcon;
				CODE_SIGN_IDENTITY = "iPhone Developer";
				"CODE_SIGN_IDENTITY[sdk=iphoneos*]" = "iPhone Developer";
				GCC_PREFIX_HEADER = "$(SRCROOT)/LXDPersonalBlog/LXDPrefixHeader.pch";
				INFOPLIST_FILE = LXDPersonalBlog/Info.plist;
				IPHONEOS_DEPLOYMENT_TARGET = 8.0;
				LD_RUNPATH_SEARCH_PATHS = "$(inherited) @executable_path/Frameworks";
				PRODUCT_BUNDLE_IDENTIFIER = com.sindrilin.LXDPersonalBlog;
				PRODUCT_NAME = "$(TARGET_NAME)";
				PROVISIONING_PROFILE = "";
			};
			name = Debug;
		};
		EFEEDEC81C43B3B200B2B2B2 /* Release */ = {
			isa = XCBuildConfiguration;
			buildSettings = {
				ASSETCATALOG_COMPILER_APPICON_NAME = AppIcon;
				CODE_SIGN_IDENTITY = "iPhone Developer";
				"CODE_SIGN_IDENTITY[sdk=iphoneos*]" = "iPhone Developer";
				GCC_PREFIX_HEADER = "$(SRCROOT)/LXDPersonalBlog/LXDPrefixHeader.pch";
				INFOPLIST_FILE = LXDPersonalBlog/Info.plist;
				IPHONEOS_DEPLOYMENT_TARGET = 8.0;
				LD_RUNPATH_SEARCH_PATHS = "$(inherited) @executable_path/Frameworks";
				PRODUCT_BUNDLE_IDENTIFIER = com.sindrilin.LXDPersonalBlog;
				PRODUCT_NAME = "$(TARGET_NAME)";
				PROVISIONING_PROFILE = "";
			};
			name = Release;
		};
		EFEEDECA1C43B3B200B2B2B2 /* Debug */ = {
			isa = XCBuildConfiguration;
			buildSettings = {
				BUNDLE_LOADER = "$(TEST_HOST)";
				INFOPLIST_FILE = LXDPersonalBlogTests/Info.plist;
				LD_RUNPATH_SEARCH_PATHS = "$(inherited) @executable_path/Frameworks @loader_path/Frameworks";
				PRODUCT_BUNDLE_IDENTIFIER = sindrilin.com.LXDPersonalBlogTests;
				PRODUCT_NAME = "$(TARGET_NAME)";
				TEST_HOST = "$(BUILT_PRODUCTS_DIR)/LXDPersonalBlog.app/LXDPersonalBlog";
			};
			name = Debug;
		};
		EFEEDECB1C43B3B200B2B2B2 /* Release */ = {
			isa = XCBuildConfiguration;
			buildSettings = {
				BUNDLE_LOADER = "$(TEST_HOST)";
				INFOPLIST_FILE = LXDPersonalBlogTests/Info.plist;
				LD_RUNPATH_SEARCH_PATHS = "$(inherited) @executable_path/Frameworks @loader_path/Frameworks";
				PRODUCT_BUNDLE_IDENTIFIER = sindrilin.com.LXDPersonalBlogTests;
				PRODUCT_NAME = "$(TARGET_NAME)";
				TEST_HOST = "$(BUILT_PRODUCTS_DIR)/LXDPersonalBlog.app/LXDPersonalBlog";
			};
			name = Release;
		};
		EFEEDECD1C43B3B200B2B2B2 /* Debug */ = {
			isa = XCBuildConfiguration;
			buildSettings = {
				INFOPLIST_FILE = LXDPersonalBlogUITests/Info.plist;
				LD_RUNPATH_SEARCH_PATHS = "$(inherited) @executable_path/Frameworks @loader_path/Frameworks";
				PRODUCT_BUNDLE_IDENTIFIER = sindrilin.com.LXDPersonalBlogUITests;
				PRODUCT_NAME = "$(TARGET_NAME)";
				TEST_TARGET_NAME = LXDPersonalBlog;
				USES_XCTRUNNER = YES;
			};
			name = Debug;
		};
		EFEEDECE1C43B3B200B2B2B2 /* Release */ = {
			isa = XCBuildConfiguration;
			buildSettings = {
				INFOPLIST_FILE = LXDPersonalBlogUITests/Info.plist;
				LD_RUNPATH_SEARCH_PATHS = "$(inherited) @executable_path/Frameworks @loader_path/Frameworks";
				PRODUCT_BUNDLE_IDENTIFIER = sindrilin.com.LXDPersonalBlogUITests;
				PRODUCT_NAME = "$(TARGET_NAME)";
				TEST_TARGET_NAME = LXDPersonalBlog;
				USES_XCTRUNNER = YES;
			};
			name = Release;
		};
/* End XCBuildConfiguration section */

/* Begin XCConfigurationList section */
		EFEEDE941C43B3B100B2B2B2 /* Build configuration list for PBXProject "LXDPersonalBlog" */ = {
			isa = XCConfigurationList;
			buildConfigurations = (
				EFEEDEC41C43B3B200B2B2B2 /* Debug */,
				EFEEDEC51C43B3B200B2B2B2 /* Release */,
			);
			defaultConfigurationIsVisible = 0;
			defaultConfigurationName = Release;
		};
		EFEEDEC61C43B3B200B2B2B2 /* Build configuration list for PBXNativeTarget "LXDPersonalBlog" */ = {
			isa = XCConfigurationList;
			buildConfigurations = (
				EFEEDEC71C43B3B200B2B2B2 /* Debug */,
				EFEEDEC81C43B3B200B2B2B2 /* Release */,
			);
			defaultConfigurationIsVisible = 0;
			defaultConfigurationName = Release;
		};
		EFEEDEC91C43B3B200B2B2B2 /* Build configuration list for PBXNativeTarget "LXDPersonalBlogTests" */ = {
			isa = XCConfigurationList;
			buildConfigurations = (
				EFEEDECA1C43B3B200B2B2B2 /* Debug */,
				EFEEDECB1C43B3B200B2B2B2 /* Release */,
			);
			defaultConfigurationIsVisible = 0;
			defaultConfigurationName = Release;
		};
		EFEEDECC1C43B3B200B2B2B2 /* Build configuration list for PBXNativeTarget "LXDPersonalBlogUITests" */ = {
			isa = XCConfigurationList;
			buildConfigurations = (
				EFEEDECD1C43B3B200B2B2B2 /* Debug */,
				EFEEDECE1C43B3B200B2B2B2 /* Release */,
			);
			defaultConfigurationIsVisible = 0;
			defaultConfigurationName = Release;
		};
/* End XCConfigurationList section */
	};
	rootObject = EFEEDE911C43B3B100B2B2B2 /* Project object */;
}
